
Microsoft Visual Studio Solution File, Format Version 11.00
# Visual Studio 2010
Project("{F2A71F9B-5D33-465A-A702-920D77279786}") = "Euler", "Euler\Euler.fsproj", "{95B5644C-F1CE-4AF9-A26E-70F8E86FC2B9}"
EndProject
Project("{F2A71F9B-5D33-465A-A702-920D77279786}") = "P02", "P02\P02.fsproj", "{DF10AF59-AD10-44DA-A2AC-9D7BE8CC520E}"
EndProject
Project("{F2A71F9B-5D33-465A-A702-920D77279786}") = "P03", "P03\P03.fsproj", "{0A44E9A7-5F82-4A48-84E6-ECEE98EEAC1E}"
EndProject
Project("{F2A71F9B-5D33-465A-A702-920D77279786}") = "P04", "P04\P04.fsproj", "{4114CD18-6EA0-4BF6-A80F-4FB901E2F067}"
EndProject
Project("{F2A71F9B-5D33-465A-A702-920D77279786}") = "P06", "P06\P06.fsproj", "{AB5B3A40-4380-44C1-806D-CAE2152A75AC}"
EndProject
Project("{F2A71F9B-5D33-465A-A702-920D77279786}") = "P07", "P07\P07.fsproj", "{C60B47DE-7D02-4B4E-8B74-421672E43148}"
EndProject
Project("{F2A71F9B-5D33-465A-A702-920D77279786}") = "P08", "P08\P08.fsproj", "{5773DA04-6EA1-4ADB-88F2-CFF90F520E3C}"
EndProject
Project("{F2A71F9B-5D33-465A-A702-920D77279786}") = "P09", "P09\P09.fsproj", "{0583C850-8A94-49ED-84C3-13761251C1B8}"
EndProject
Project("{F2A71F9B-5D33-465A-A702-920D77279786}") = "P10", "P10\P10.fsproj", "{C5B708D4-5246-41C9-A595-6B3E3D5C4D6D}"
	ProjectSection(ProjectDependencies) = postProject
		{95B5644C-F1CE-4AF9-A26E-70F8E86FC2B9} = {95B5644C-F1CE-4AF9-A26E-70F8E86FC2B9}
	EndProjectSection
EndProject
Project("{F2A71F9B-5D33-465A-A702-920D77279786}") = "P11", "P11\P11.fsproj", "{3A289E20-3EC7-446D-9F23-1595810C8D1E}"
EndProject
Project("{F2A71F9B-5D33-465A-A702-920D77279786}") = "P01", "P01\P01.fsproj", "{A6B8BDE0-E7D0-417F-9DE6-E2F2BE767274}"
EndProject
Project("{F2A71F9B-5D33-465A-A702-920D77279786}") = "P12", "P12\P12.fsproj", "{121D738D-3E2E-4D01-B2FE-7AA4204B4987}"
EndProject
Project("{F2A71F9B-5D33-465A-A702-920D77279786}") = "P13", "P13\P13.fsproj", "{1D67491B-7B7B-49E0-8122-F5DA73F97ABE}"
EndProject
Project("{F2A71F9B-5D33-465A-A702-920D77279786}") = "P14", "P14\P14.fsproj", "{C35AE0D7-1644-43D2-9A34-5C8F1E913C94}"
EndProject
Project("{F2A71F9B-5D33-465A-A702-920D77279786}") = "P16", "P16\P16.fsproj", "{C112D86F-5151-4EB8-AD16-C47CA23159BE}"
EndProject
Project("{F2A71F9B-5D33-465A-A702-920D77279786}") = "P20", "P20\P20.fsproj", "{FD72F150-7842-49A4-A862-C3784029CEC1}"
EndProject
Project("{F2A71F9B-5D33-465A-A702-920D77279786}") = "P05", "P05\P05.fsproj", "{FD0734E5-8F91-433B-8CCE-885ECE7DE8E2}"
EndProject
Project("{F2A71F9B-5D33-465A-A702-920D77279786}") = "P19", "P19\P19.fsproj", "{FBED3D66-AD91-4B94-B890-E244A6594502}"
EndProject
Project("{F2A71F9B-5D33-465A-A702-920D77279786}") = "P17", "P17\P17.fsproj", "{9D732C67-A37B-4D02-B0D3-A20FE56288A1}"
EndProject
Project("{F2A71F9B-5D33-465A-A702-920D77279786}") = "P21", "P21\P21.fsproj", "{72AACEFD-EBB2-43A5-9E70-92F238C90A52}"
EndProject
Project("{F2A71F9B-5D33-465A-A702-920D77279786}") = "P15", "P15\P15.fsproj", "{B3A77195-54ED-4D48-B282-703924B16BC6}"
EndProject
Project("{F2A71F9B-5D33-465A-A702-920D77279786}") = "P23", "P23\P23.fsproj", "{DF7029AB-11BB-482F-B4B8-D1B8E8ACCA07}"
EndProject
Project("{F2A71F9B-5D33-465A-A702-920D77279786}") = "P24", "P24\P24.fsproj", "{B1517665-2B17-4070-89BF-D9C78C635825}"
EndProject
Project("{F2A71F9B-5D33-465A-A702-920D77279786}") = "P25", "P25\P25.fsproj", "{F4D96290-57B2-4478-9AA7-EFDCA64ADF7A}"
EndProject
Project("{F2A71F9B-5D33-465A-A702-920D77279786}") = "P22", "P22\P22.fsproj", "{390A5AF1-91D8-4E0A-BDC0-EB11ABF4C1AD}"
EndProject
Project("{F2A71F9B-5D33-465A-A702-920D77279786}") = "P48", "P48\P48.fsproj", "{F774AAED-1FE1-4A17-8348-552EDFF12A14}"
EndProject
Project("{F2A71F9B-5D33-465A-A702-920D77279786}") = "P29", "P29\P29.fsproj", "{662C917F-BE99-4227-8905-C38FF10EF660}"
EndProject
Project("{F2A71F9B-5D33-465A-A702-920D77279786}") = "P27", "P27\P27.fsproj", "{B479FFC4-4BA5-4598-9CA7-B60FC795542C}"
EndProject
Project("{F2A71F9B-5D33-465A-A702-920D77279786}") = "P30", "P30\P30.fsproj", "{9EA414CE-0371-4090-B0CC-BC09B4EB7E59}"
EndProject
Project("{F2A71F9B-5D33-465A-A702-920D77279786}") = "P18", "P18\P18.fsproj", "{66C9EB67-6BDC-4A36-9880-975C2A168E14}"
EndProject
Project("{F2A71F9B-5D33-465A-A702-920D77279786}") = "P49", "P49\P49.fsproj", "{B31ED2D8-2108-4781-8D05-2CA6BE9924AB}"
EndProject
Project("{F2A71F9B-5D33-465A-A702-920D77279786}") = "P45", "P45\P45.fsproj", "{25AC299C-B544-4A94-B831-BA0724E02E5A}"
EndProject
Project("{F2A71F9B-5D33-465A-A702-920D77279786}") = "P42", "P42\P42.fsproj", "{3E605AE3-6D84-44E7-9B11-3EC0B05804FA}"
EndProject
Project("{F2A71F9B-5D33-465A-A702-920D77279786}") = "P40", "P40\P40.fsproj", "{1C3D1DAD-97FD-41EC-9CD7-6C0972D5FAE6}"
EndProject
Project("{F2A71F9B-5D33-465A-A702-920D77279786}") = "P39", "P39\P39.fsproj", "{64DCEDEF-5B42-4A2A-8408-BA9D49484FFA}"
EndProject
Project("{F2A71F9B-5D33-465A-A702-920D77279786}") = "P26", "P26\P26.fsproj", "{A3390B93-0B0F-4983-8104-B52BBF2B15E3}"
EndProject
Project("{F2A71F9B-5D33-465A-A702-920D77279786}") = "P28", "P28\P28.fsproj", "{B1794F3A-908C-417C-9471-DE7ACB8BE9A8}"
EndProject
Project("{F2A71F9B-5D33-465A-A702-920D77279786}") = "P34", "P34\P34.fsproj", "{0CAF0CAF-C7E0-4346-9CB1-67F24A30FCBB}"
EndProject
Project("{F2A71F9B-5D33-465A-A702-920D77279786}") = "P36", "P36\P36.fsproj", "{229B5EBA-EC7A-4261-9A9E-576E7D62BC47}"
EndProject
Project("{F2A71F9B-5D33-465A-A702-920D77279786}") = "P50", "P50\P50.fsproj", "{1DAE5CAE-AAFE-4109-A00F-10D061A45C8E}"
EndProject
Project("{F2A71F9B-5D33-465A-A702-920D77279786}") = "P41", "P41\P41.fsproj", "{3BAB0A40-1BFC-4CAA-AAC9-8DAB3B05A13D}"
EndProject
Project("{F2A71F9B-5D33-465A-A702-920D77279786}") = "P31", "P31\P31.fsproj", "{FFBF007F-51E7-4DC7-93E4-986CDA4C5457}"
EndProject
Project("{F2A71F9B-5D33-465A-A702-920D77279786}") = "P32", "P32\P32.fsproj", "{BD7FD9F0-F93E-4A37-B1EC-4E5CE75B279F}"
EndProject
Project("{F2A71F9B-5D33-465A-A702-920D77279786}") = "P33", "P33\P33.fsproj", "{6EEFB973-8365-43BC-B3AB-CD6FF21B8BB0}"
EndProject
Project("{F2A71F9B-5D33-465A-A702-920D77279786}") = "P35", "P35\P35.fsproj", "{2C5484C7-4F2C-4734-9141-2112358820B5}"
EndProject
Project("{F2A71F9B-5D33-465A-A702-920D77279786}") = "P37", "P37\P37.fsproj", "{1B66299C-D291-406D-A699-7A0C4330BC78}"
EndProject
Project("{F2A71F9B-5D33-465A-A702-920D77279786}") = "P43", "P43\P43.fsproj", "{FCB8BA7C-4CCF-4CCC-86D9-2015BC5F6D4E}"
EndProject
Project("{F2A71F9B-5D33-465A-A702-920D77279786}") = "P47", "P47\P47.fsproj", "{96A05617-5970-43D6-8064-69CDDAC15190}"
EndProject
Project("{F2A71F9B-5D33-465A-A702-920D77279786}") = "P38", "P38\P38.fsproj", "{B69B9E20-504C-41D9-A25F-AAE69EC2430E}"
EndProject
Project("{F2A71F9B-5D33-465A-A702-920D77279786}") = "P44", "P44\P44.fsproj", "{BF748228-A72C-4B81-8897-773D77C842E7}"
EndProject
Project("{F2A71F9B-5D33-465A-A702-920D77279786}") = "P46", "P46\P46.fsproj", "{238188FF-6004-4FCC-8FC6-F8AE8B73C394}"
EndProject
Project("{8BC9CEB8-8B4A-11D0-8D11-00A0C91BC942}") = "Primegen", "Primegen\Primegen.vcxproj", "{1901AE89-EDEF-4431-B754-96FBF027CBBC}"
EndProject
Global
	GlobalSection(SolutionConfigurationPlatforms) = preSolution
		Debug|Any CPU = Debug|Any CPU
		Debug|Mixed Platforms = Debug|Mixed Platforms
		Debug|Win32 = Debug|Win32
		Release|Any CPU = Release|Any CPU
		Release|Mixed Platforms = Release|Mixed Platforms
		Release|Win32 = Release|Win32
	EndGlobalSection
	GlobalSection(ProjectConfigurationPlatforms) = postSolution
		{95B5644C-F1CE-4AF9-A26E-70F8E86FC2B9}.Debug|Any CPU.ActiveCfg = Debug|Any CPU
		{95B5644C-F1CE-4AF9-A26E-70F8E86FC2B9}.Debug|Any CPU.Build.0 = Debug|Any CPU
		{95B5644C-F1CE-4AF9-A26E-70F8E86FC2B9}.Debug|Mixed Platforms.ActiveCfg = Debug|Any CPU
		{95B5644C-F1CE-4AF9-A26E-70F8E86FC2B9}.Debug|Mixed Platforms.Build.0 = Debug|Any CPU
		{95B5644C-F1CE-4AF9-A26E-70F8E86FC2B9}.Debug|Win32.ActiveCfg = Debug|Any CPU
		{95B5644C-F1CE-4AF9-A26E-70F8E86FC2B9}.Release|Any CPU.ActiveCfg = Release|Any CPU
		{95B5644C-F1CE-4AF9-A26E-70F8E86FC2B9}.Release|Any CPU.Build.0 = Release|Any CPU
		{95B5644C-F1CE-4AF9-A26E-70F8E86FC2B9}.Release|Mixed Platforms.ActiveCfg = Release|Any CPU
		{95B5644C-F1CE-4AF9-A26E-70F8E86FC2B9}.Release|Mixed Platforms.Build.0 = Release|Any CPU
		{95B5644C-F1CE-4AF9-A26E-70F8E86FC2B9}.Release|Win32.ActiveCfg = Release|Any CPU
		{DF10AF59-AD10-44DA-A2AC-9D7BE8CC520E}.Debug|Any CPU.ActiveCfg = Debug|Any CPU
		{DF10AF59-AD10-44DA-A2AC-9D7BE8CC520E}.Debug|Any CPU.Build.0 = Debug|Any CPU
		{DF10AF59-AD10-44DA-A2AC-9D7BE8CC520E}.Debug|Mixed Platforms.ActiveCfg = Debug|Any CPU
		{DF10AF59-AD10-44DA-A2AC-9D7BE8CC520E}.Debug|Mixed Platforms.Build.0 = Debug|Any CPU
		{DF10AF59-AD10-44DA-A2AC-9D7BE8CC520E}.Debug|Win32.ActiveCfg = Debug|Any CPU
		{DF10AF59-AD10-44DA-A2AC-9D7BE8CC520E}.Release|Any CPU.ActiveCfg = Release|Any CPU
		{DF10AF59-AD10-44DA-A2AC-9D7BE8CC520E}.Release|Any CPU.Build.0 = Release|Any CPU
		{DF10AF59-AD10-44DA-A2AC-9D7BE8CC520E}.Release|Mixed Platforms.ActiveCfg = Release|Any CPU
		{DF10AF59-AD10-44DA-A2AC-9D7BE8CC520E}.Release|Mixed Platforms.Build.0 = Release|Any CPU
		{DF10AF59-AD10-44DA-A2AC-9D7BE8CC520E}.Release|Win32.ActiveCfg = Release|Any CPU
		{0A44E9A7-5F82-4A48-84E6-ECEE98EEAC1E}.Debug|Any CPU.ActiveCfg = Debug|Any CPU
		{0A44E9A7-5F82-4A48-84E6-ECEE98EEAC1E}.Debug|Any CPU.Build.0 = Debug|Any CPU
		{0A44E9A7-5F82-4A48-84E6-ECEE98EEAC1E}.Debug|Mixed Platforms.ActiveCfg = Debug|Any CPU
		{0A44E9A7-5F82-4A48-84E6-ECEE98EEAC1E}.Debug|Mixed Platforms.Build.0 = Debug|Any CPU
		{0A44E9A7-5F82-4A48-84E6-ECEE98EEAC1E}.Debug|Win32.ActiveCfg = Debug|Any CPU
		{0A44E9A7-5F82-4A48-84E6-ECEE98EEAC1E}.Release|Any CPU.ActiveCfg = Release|Any CPU
		{0A44E9A7-5F82-4A48-84E6-ECEE98EEAC1E}.Release|Any CPU.Build.0 = Release|Any CPU
		{0A44E9A7-5F82-4A48-84E6-ECEE98EEAC1E}.Release|Mixed Platforms.ActiveCfg = Release|Any CPU
		{0A44E9A7-5F82-4A48-84E6-ECEE98EEAC1E}.Release|Mixed Platforms.Build.0 = Release|Any CPU
		{0A44E9A7-5F82-4A48-84E6-ECEE98EEAC1E}.Release|Win32.ActiveCfg = Release|Any CPU
		{4114CD18-6EA0-4BF6-A80F-4FB901E2F067}.Debug|Any CPU.ActiveCfg = Debug|Any CPU
		{4114CD18-6EA0-4BF6-A80F-4FB901E2F067}.Debug|Any CPU.Build.0 = Debug|Any CPU
		{4114CD18-6EA0-4BF6-A80F-4FB901E2F067}.Debug|Mixed Platforms.ActiveCfg = Debug|Any CPU
		{4114CD18-6EA0-4BF6-A80F-4FB901E2F067}.Debug|Mixed Platforms.Build.0 = Debug|Any CPU
		{4114CD18-6EA0-4BF6-A80F-4FB901E2F067}.Debug|Win32.ActiveCfg = Debug|Any CPU
		{4114CD18-6EA0-4BF6-A80F-4FB901E2F067}.Release|Any CPU.ActiveCfg = Release|Any CPU
		{4114CD18-6EA0-4BF6-A80F-4FB901E2F067}.Release|Any CPU.Build.0 = Release|Any CPU
		{4114CD18-6EA0-4BF6-A80F-4FB901E2F067}.Release|Mixed Platforms.ActiveCfg = Release|Any CPU
		{4114CD18-6EA0-4BF6-A80F-4FB901E2F067}.Release|Mixed Platforms.Build.0 = Release|Any CPU
		{4114CD18-6EA0-4BF6-A80F-4FB901E2F067}.Release|Win32.ActiveCfg = Release|Any CPU
		{AB5B3A40-4380-44C1-806D-CAE2152A75AC}.Debug|Any CPU.ActiveCfg = Debug|Any CPU
		{AB5B3A40-4380-44C1-806D-CAE2152A75AC}.Debug|Any CPU.Build.0 = Debug|Any CPU
		{AB5B3A40-4380-44C1-806D-CAE2152A75AC}.Debug|Mixed Platforms.ActiveCfg = Debug|Any CPU
		{AB5B3A40-4380-44C1-806D-CAE2152A75AC}.Debug|Mixed Platforms.Build.0 = Debug|Any CPU
		{AB5B3A40-4380-44C1-806D-CAE2152A75AC}.Debug|Win32.ActiveCfg = Debug|Any CPU
		{AB5B3A40-4380-44C1-806D-CAE2152A75AC}.Release|Any CPU.ActiveCfg = Release|Any CPU
		{AB5B3A40-4380-44C1-806D-CAE2152A75AC}.Release|Any CPU.Build.0 = Release|Any CPU
		{AB5B3A40-4380-44C1-806D-CAE2152A75AC}.Release|Mixed Platforms.ActiveCfg = Release|Any CPU
		{AB5B3A40-4380-44C1-806D-CAE2152A75AC}.Release|Mixed Platforms.Build.0 = Release|Any CPU
		{AB5B3A40-4380-44C1-806D-CAE2152A75AC}.Release|Win32.ActiveCfg = Release|Any CPU
		{C60B47DE-7D02-4B4E-8B74-421672E43148}.Debug|Any CPU.ActiveCfg = Debug|Any CPU
		{C60B47DE-7D02-4B4E-8B74-421672E43148}.Debug|Any CPU.Build.0 = Debug|Any CPU
		{C60B47DE-7D02-4B4E-8B74-421672E43148}.Debug|Mixed Platforms.ActiveCfg = Debug|Any CPU
		{C60B47DE-7D02-4B4E-8B74-421672E43148}.Debug|Mixed Platforms.Build.0 = Debug|Any CPU
		{C60B47DE-7D02-4B4E-8B74-421672E43148}.Debug|Win32.ActiveCfg = Debug|Any CPU
		{C60B47DE-7D02-4B4E-8B74-421672E43148}.Release|Any CPU.ActiveCfg = Release|Any CPU
		{C60B47DE-7D02-4B4E-8B74-421672E43148}.Release|Any CPU.Build.0 = Release|Any CPU
		{C60B47DE-7D02-4B4E-8B74-421672E43148}.Release|Mixed Platforms.ActiveCfg = Release|Any CPU
		{C60B47DE-7D02-4B4E-8B74-421672E43148}.Release|Mixed Platforms.Build.0 = Release|Any CPU
		{C60B47DE-7D02-4B4E-8B74-421672E43148}.Release|Win32.ActiveCfg = Release|Any CPU
		{5773DA04-6EA1-4ADB-88F2-CFF90F520E3C}.Debug|Any CPU.ActiveCfg = Debug|Any CPU
		{5773DA04-6EA1-4ADB-88F2-CFF90F520E3C}.Debug|Any CPU.Build.0 = Debug|Any CPU
		{5773DA04-6EA1-4ADB-88F2-CFF90F520E3C}.Debug|Mixed Platforms.ActiveCfg = Debug|Any CPU
		{5773DA04-6EA1-4ADB-88F2-CFF90F520E3C}.Debug|Mixed Platforms.Build.0 = Debug|Any CPU
		{5773DA04-6EA1-4ADB-88F2-CFF90F520E3C}.Debug|Win32.ActiveCfg = Debug|Any CPU
		{5773DA04-6EA1-4ADB-88F2-CFF90F520E3C}.Release|Any CPU.ActiveCfg = Release|Any CPU
		{5773DA04-6EA1-4ADB-88F2-CFF90F520E3C}.Release|Any CPU.Build.0 = Release|Any CPU
		{5773DA04-6EA1-4ADB-88F2-CFF90F520E3C}.Release|Mixed Platforms.ActiveCfg = Release|Any CPU
		{5773DA04-6EA1-4ADB-88F2-CFF90F520E3C}.Release|Mixed Platforms.Build.0 = Release|Any CPU
		{5773DA04-6EA1-4ADB-88F2-CFF90F520E3C}.Release|Win32.ActiveCfg = Release|Any CPU
		{0583C850-8A94-49ED-84C3-13761251C1B8}.Debug|Any CPU.ActiveCfg = Debug|Any CPU
		{0583C850-8A94-49ED-84C3-13761251C1B8}.Debug|Any CPU.Build.0 = Debug|Any CPU
		{0583C850-8A94-49ED-84C3-13761251C1B8}.Debug|Mixed Platforms.ActiveCfg = Debug|Any CPU
		{0583C850-8A94-49ED-84C3-13761251C1B8}.Debug|Mixed Platforms.Build.0 = Debug|Any CPU
		{0583C850-8A94-49ED-84C3-13761251C1B8}.Debug|Win32.ActiveCfg = Debug|Any CPU
		{0583C850-8A94-49ED-84C3-13761251C1B8}.Release|Any CPU.ActiveCfg = Release|Any CPU
		{0583C850-8A94-49ED-84C3-13761251C1B8}.Release|Any CPU.Build.0 = Release|Any CPU
		{0583C850-8A94-49ED-84C3-13761251C1B8}.Release|Mixed Platforms.ActiveCfg = Release|Any CPU
		{0583C850-8A94-49ED-84C3-13761251C1B8}.Release|Mixed Platforms.Build.0 = Release|Any CPU
		{0583C850-8A94-49ED-84C3-13761251C1B8}.Release|Win32.ActiveCfg = Release|Any CPU
		{C5B708D4-5246-41C9-A595-6B3E3D5C4D6D}.Debug|Any CPU.ActiveCfg = Debug|Any CPU
		{C5B708D4-5246-41C9-A595-6B3E3D5C4D6D}.Debug|Any CPU.Build.0 = Debug|Any CPU
		{C5B708D4-5246-41C9-A595-6B3E3D5C4D6D}.Debug|Mixed Platforms.ActiveCfg = Debug|Any CPU
		{C5B708D4-5246-41C9-A595-6B3E3D5C4D6D}.Debug|Mixed Platforms.Build.0 = Debug|Any CPU
		{C5B708D4-5246-41C9-A595-6B3E3D5C4D6D}.Debug|Win32.ActiveCfg = Debug|Any CPU
		{C5B708D4-5246-41C9-A595-6B3E3D5C4D6D}.Release|Any CPU.ActiveCfg = Release|Any CPU
		{C5B708D4-5246-41C9-A595-6B3E3D5C4D6D}.Release|Any CPU.Build.0 = Release|Any CPU
		{C5B708D4-5246-41C9-A595-6B3E3D5C4D6D}.Release|Mixed Platforms.ActiveCfg = Release|Any CPU
		{C5B708D4-5246-41C9-A595-6B3E3D5C4D6D}.Release|Mixed Platforms.Build.0 = Release|Any CPU
		{C5B708D4-5246-41C9-A595-6B3E3D5C4D6D}.Release|Win32.ActiveCfg = Release|Any CPU
		{3A289E20-3EC7-446D-9F23-1595810C8D1E}.Debug|Any CPU.ActiveCfg = Debug|Any CPU
		{3A289E20-3EC7-446D-9F23-1595810C8D1E}.Debug|Any CPU.Build.0 = Debug|Any CPU
		{3A289E20-3EC7-446D-9F23-1595810C8D1E}.Debug|Mixed Platforms.ActiveCfg = Debug|Any CPU
		{3A289E20-3EC7-446D-9F23-1595810C8D1E}.Debug|Mixed Platforms.Build.0 = Debug|Any CPU
		{3A289E20-3EC7-446D-9F23-1595810C8D1E}.Debug|Win32.ActiveCfg = Debug|Any CPU
		{3A289E20-3EC7-446D-9F23-1595810C8D1E}.Release|Any CPU.ActiveCfg = Release|Any CPU
		{3A289E20-3EC7-446D-9F23-1595810C8D1E}.Release|Any CPU.Build.0 = Release|Any CPU
		{3A289E20-3EC7-446D-9F23-1595810C8D1E}.Release|Mixed Platforms.ActiveCfg = Release|Any CPU
		{3A289E20-3EC7-446D-9F23-1595810C8D1E}.Release|Mixed Platforms.Build.0 = Release|Any CPU
		{3A289E20-3EC7-446D-9F23-1595810C8D1E}.Release|Win32.ActiveCfg = Release|Any CPU
		{A6B8BDE0-E7D0-417F-9DE6-E2F2BE767274}.Debug|Any CPU.ActiveCfg = Debug|Any CPU
		{A6B8BDE0-E7D0-417F-9DE6-E2F2BE767274}.Debug|Any CPU.Build.0 = Debug|Any CPU
		{A6B8BDE0-E7D0-417F-9DE6-E2F2BE767274}.Debug|Mixed Platforms.ActiveCfg = Debug|Any CPU
		{A6B8BDE0-E7D0-417F-9DE6-E2F2BE767274}.Debug|Mixed Platforms.Build.0 = Debug|Any CPU
		{A6B8BDE0-E7D0-417F-9DE6-E2F2BE767274}.Debug|Win32.ActiveCfg = Debug|Any CPU
		{A6B8BDE0-E7D0-417F-9DE6-E2F2BE767274}.Release|Any CPU.ActiveCfg = Release|Any CPU
		{A6B8BDE0-E7D0-417F-9DE6-E2F2BE767274}.Release|Any CPU.Build.0 = Release|Any CPU
		{A6B8BDE0-E7D0-417F-9DE6-E2F2BE767274}.Release|Mixed Platforms.ActiveCfg = Release|Any CPU
		{A6B8BDE0-E7D0-417F-9DE6-E2F2BE767274}.Release|Mixed Platforms.Build.0 = Release|Any CPU
		{A6B8BDE0-E7D0-417F-9DE6-E2F2BE767274}.Release|Win32.ActiveCfg = Release|Any CPU
		{121D738D-3E2E-4D01-B2FE-7AA4204B4987}.Debug|Any CPU.ActiveCfg = Debug|Any CPU
		{121D738D-3E2E-4D01-B2FE-7AA4204B4987}.Debug|Any CPU.Build.0 = Debug|Any CPU
		{121D738D-3E2E-4D01-B2FE-7AA4204B4987}.Debug|Mixed Platforms.ActiveCfg = Debug|Any CPU
		{121D738D-3E2E-4D01-B2FE-7AA4204B4987}.Debug|Mixed Platforms.Build.0 = Debug|Any CPU
		{121D738D-3E2E-4D01-B2FE-7AA4204B4987}.Debug|Win32.ActiveCfg = Debug|Any CPU
		{121D738D-3E2E-4D01-B2FE-7AA4204B4987}.Release|Any CPU.ActiveCfg = Release|Any CPU
		{121D738D-3E2E-4D01-B2FE-7AA4204B4987}.Release|Any CPU.Build.0 = Release|Any CPU
		{121D738D-3E2E-4D01-B2FE-7AA4204B4987}.Release|Mixed Platforms.ActiveCfg = Release|Any CPU
		{121D738D-3E2E-4D01-B2FE-7AA4204B4987}.Release|Mixed Platforms.Build.0 = Release|Any CPU
		{121D738D-3E2E-4D01-B2FE-7AA4204B4987}.Release|Win32.ActiveCfg = Release|Any CPU
		{1D67491B-7B7B-49E0-8122-F5DA73F97ABE}.Debug|Any CPU.ActiveCfg = Debug|Any CPU
		{1D67491B-7B7B-49E0-8122-F5DA73F97ABE}.Debug|Any CPU.Build.0 = Debug|Any CPU
		{1D67491B-7B7B-49E0-8122-F5DA73F97ABE}.Debug|Mixed Platforms.ActiveCfg = Debug|Any CPU
		{1D67491B-7B7B-49E0-8122-F5DA73F97ABE}.Debug|Mixed Platforms.Build.0 = Debug|Any CPU
		{1D67491B-7B7B-49E0-8122-F5DA73F97ABE}.Debug|Win32.ActiveCfg = Debug|Any CPU
		{1D67491B-7B7B-49E0-8122-F5DA73F97ABE}.Release|Any CPU.ActiveCfg = Release|Any CPU
		{1D67491B-7B7B-49E0-8122-F5DA73F97ABE}.Release|Any CPU.Build.0 = Release|Any CPU
		{1D67491B-7B7B-49E0-8122-F5DA73F97ABE}.Release|Mixed Platforms.ActiveCfg = Release|Any CPU
		{1D67491B-7B7B-49E0-8122-F5DA73F97ABE}.Release|Mixed Platforms.Build.0 = Release|Any CPU
		{1D67491B-7B7B-49E0-8122-F5DA73F97ABE}.Release|Win32.ActiveCfg = Release|Any CPU
		{C35AE0D7-1644-43D2-9A34-5C8F1E913C94}.Debug|Any CPU.ActiveCfg = Debug|Any CPU
		{C35AE0D7-1644-43D2-9A34-5C8F1E913C94}.Debug|Any CPU.Build.0 = Debug|Any CPU
		{C35AE0D7-1644-43D2-9A34-5C8F1E913C94}.Debug|Mixed Platforms.ActiveCfg = Debug|Any CPU
		{C35AE0D7-1644-43D2-9A34-5C8F1E913C94}.Debug|Mixed Platforms.Build.0 = Debug|Any CPU
		{C35AE0D7-1644-43D2-9A34-5C8F1E913C94}.Debug|Win32.ActiveCfg = Debug|Any CPU
		{C35AE0D7-1644-43D2-9A34-5C8F1E913C94}.Release|Any CPU.ActiveCfg = Release|Any CPU
		{C35AE0D7-1644-43D2-9A34-5C8F1E913C94}.Release|Any CPU.Build.0 = Release|Any CPU
		{C35AE0D7-1644-43D2-9A34-5C8F1E913C94}.Release|Mixed Platforms.ActiveCfg = Release|Any CPU
		{C35AE0D7-1644-43D2-9A34-5C8F1E913C94}.Release|Mixed Platforms.Build.0 = Release|Any CPU
		{C35AE0D7-1644-43D2-9A34-5C8F1E913C94}.Release|Win32.ActiveCfg = Release|Any CPU
		{C112D86F-5151-4EB8-AD16-C47CA23159BE}.Debug|Any CPU.ActiveCfg = Debug|Any CPU
		{C112D86F-5151-4EB8-AD16-C47CA23159BE}.Debug|Any CPU.Build.0 = Debug|Any CPU
		{C112D86F-5151-4EB8-AD16-C47CA23159BE}.Debug|Mixed Platforms.ActiveCfg = Debug|Any CPU
		{C112D86F-5151-4EB8-AD16-C47CA23159BE}.Debug|Mixed Platforms.Build.0 = Debug|Any CPU
		{C112D86F-5151-4EB8-AD16-C47CA23159BE}.Debug|Win32.ActiveCfg = Debug|Any CPU
		{C112D86F-5151-4EB8-AD16-C47CA23159BE}.Release|Any CPU.ActiveCfg = Release|Any CPU
		{C112D86F-5151-4EB8-AD16-C47CA23159BE}.Release|Any CPU.Build.0 = Release|Any CPU
		{C112D86F-5151-4EB8-AD16-C47CA23159BE}.Release|Mixed Platforms.ActiveCfg = Release|Any CPU
		{C112D86F-5151-4EB8-AD16-C47CA23159BE}.Release|Mixed Platforms.Build.0 = Release|Any CPU
		{C112D86F-5151-4EB8-AD16-C47CA23159BE}.Release|Win32.ActiveCfg = Release|Any CPU
		{FD72F150-7842-49A4-A862-C3784029CEC1}.Debug|Any CPU.ActiveCfg = Debug|Any CPU
		{FD72F150-7842-49A4-A862-C3784029CEC1}.Debug|Any CPU.Build.0 = Debug|Any CPU
		{FD72F150-7842-49A4-A862-C3784029CEC1}.Debug|Mixed Platforms.ActiveCfg = Debug|Any CPU
		{FD72F150-7842-49A4-A862-C3784029CEC1}.Debug|Mixed Platforms.Build.0 = Debug|Any CPU
		{FD72F150-7842-49A4-A862-C3784029CEC1}.Debug|Win32.ActiveCfg = Debug|Any CPU
		{FD72F150-7842-49A4-A862-C3784029CEC1}.Release|Any CPU.ActiveCfg = Release|Any CPU
		{FD72F150-7842-49A4-A862-C3784029CEC1}.Release|Any CPU.Build.0 = Release|Any CPU
		{FD72F150-7842-49A4-A862-C3784029CEC1}.Release|Mixed Platforms.ActiveCfg = Release|Any CPU
		{FD72F150-7842-49A4-A862-C3784029CEC1}.Release|Mixed Platforms.Build.0 = Release|Any CPU
		{FD72F150-7842-49A4-A862-C3784029CEC1}.Release|Win32.ActiveCfg = Release|Any CPU
		{FD0734E5-8F91-433B-8CCE-885ECE7DE8E2}.Debug|Any CPU.ActiveCfg = Debug|Any CPU
		{FD0734E5-8F91-433B-8CCE-885ECE7DE8E2}.Debug|Any CPU.Build.0 = Debug|Any CPU
		{FD0734E5-8F91-433B-8CCE-885ECE7DE8E2}.Debug|Mixed Platforms.ActiveCfg = Debug|Any CPU
		{FD0734E5-8F91-433B-8CCE-885ECE7DE8E2}.Debug|Mixed Platforms.Build.0 = Debug|Any CPU
		{FD0734E5-8F91-433B-8CCE-885ECE7DE8E2}.Debug|Win32.ActiveCfg = Debug|Any CPU
		{FD0734E5-8F91-433B-8CCE-885ECE7DE8E2}.Release|Any CPU.ActiveCfg = Release|Any CPU
		{FD0734E5-8F91-433B-8CCE-885ECE7DE8E2}.Release|Any CPU.Build.0 = Release|Any CPU
		{FD0734E5-8F91-433B-8CCE-885ECE7DE8E2}.Release|Mixed Platforms.ActiveCfg = Release|Any CPU
		{FD0734E5-8F91-433B-8CCE-885ECE7DE8E2}.Release|Mixed Platforms.Build.0 = Release|Any CPU
		{FD0734E5-8F91-433B-8CCE-885ECE7DE8E2}.Release|Win32.ActiveCfg = Release|Any CPU
		{FBED3D66-AD91-4B94-B890-E244A6594502}.Debug|Any CPU.ActiveCfg = Debug|Any CPU
		{FBED3D66-AD91-4B94-B890-E244A6594502}.Debug|Any CPU.Build.0 = Debug|Any CPU
		{FBED3D66-AD91-4B94-B890-E244A6594502}.Debug|Mixed Platforms.ActiveCfg = Debug|Any CPU
		{FBED3D66-AD91-4B94-B890-E244A6594502}.Debug|Mixed Platforms.Build.0 = Debug|Any CPU
		{FBED3D66-AD91-4B94-B890-E244A6594502}.Debug|Win32.ActiveCfg = Debug|Any CPU
		{FBED3D66-AD91-4B94-B890-E244A6594502}.Release|Any CPU.ActiveCfg = Release|Any CPU
		{FBED3D66-AD91-4B94-B890-E244A6594502}.Release|Any CPU.Build.0 = Release|Any CPU
		{FBED3D66-AD91-4B94-B890-E244A6594502}.Release|Mixed Platforms.ActiveCfg = Release|Any CPU
		{FBED3D66-AD91-4B94-B890-E244A6594502}.Release|Mixed Platforms.Build.0 = Release|Any CPU
		{FBED3D66-AD91-4B94-B890-E244A6594502}.Release|Win32.ActiveCfg = Release|Any CPU
		{9D732C67-A37B-4D02-B0D3-A20FE56288A1}.Debug|Any CPU.ActiveCfg = Debug|Any CPU
		{9D732C67-A37B-4D02-B0D3-A20FE56288A1}.Debug|Any CPU.Build.0 = Debug|Any CPU
		{9D732C67-A37B-4D02-B0D3-A20FE56288A1}.Debug|Mixed Platforms.ActiveCfg = Debug|Any CPU
		{9D732C67-A37B-4D02-B0D3-A20FE56288A1}.Debug|Mixed Platforms.Build.0 = Debug|Any CPU
		{9D732C67-A37B-4D02-B0D3-A20FE56288A1}.Debug|Win32.ActiveCfg = Debug|Any CPU
		{9D732C67-A37B-4D02-B0D3-A20FE56288A1}.Release|Any CPU.ActiveCfg = Release|Any CPU
		{9D732C67-A37B-4D02-B0D3-A20FE56288A1}.Release|Any CPU.Build.0 = Release|Any CPU
		{9D732C67-A37B-4D02-B0D3-A20FE56288A1}.Release|Mixed Platforms.ActiveCfg = Release|Any CPU
		{9D732C67-A37B-4D02-B0D3-A20FE56288A1}.Release|Mixed Platforms.Build.0 = Release|Any CPU
		{9D732C67-A37B-4D02-B0D3-A20FE56288A1}.Release|Win32.ActiveCfg = Release|Any CPU
		{72AACEFD-EBB2-43A5-9E70-92F238C90A52}.Debug|Any CPU.ActiveCfg = Debug|Any CPU
		{72AACEFD-EBB2-43A5-9E70-92F238C90A52}.Debug|Any CPU.Build.0 = Debug|Any CPU
		{72AACEFD-EBB2-43A5-9E70-92F238C90A52}.Debug|Mixed Platforms.ActiveCfg = Debug|Any CPU
		{72AACEFD-EBB2-43A5-9E70-92F238C90A52}.Debug|Mixed Platforms.Build.0 = Debug|Any CPU
		{72AACEFD-EBB2-43A5-9E70-92F238C90A52}.Debug|Win32.ActiveCfg = Debug|Any CPU
		{72AACEFD-EBB2-43A5-9E70-92F238C90A52}.Release|Any CPU.ActiveCfg = Release|Any CPU
		{72AACEFD-EBB2-43A5-9E70-92F238C90A52}.Release|Any CPU.Build.0 = Release|Any CPU
		{72AACEFD-EBB2-43A5-9E70-92F238C90A52}.Release|Mixed Platforms.ActiveCfg = Release|Any CPU
		{72AACEFD-EBB2-43A5-9E70-92F238C90A52}.Release|Mixed Platforms.Build.0 = Release|Any CPU
		{72AACEFD-EBB2-43A5-9E70-92F238C90A52}.Release|Win32.ActiveCfg = Release|Any CPU
		{B3A77195-54ED-4D48-B282-703924B16BC6}.Debug|Any CPU.ActiveCfg = Debug|Any CPU
		{B3A77195-54ED-4D48-B282-703924B16BC6}.Debug|Any CPU.Build.0 = Debug|Any CPU
		{B3A77195-54ED-4D48-B282-703924B16BC6}.Debug|Mixed Platforms.ActiveCfg = Debug|Any CPU
		{B3A77195-54ED-4D48-B282-703924B16BC6}.Debug|Mixed Platforms.Build.0 = Debug|Any CPU
		{B3A77195-54ED-4D48-B282-703924B16BC6}.Debug|Win32.ActiveCfg = Debug|Any CPU
		{B3A77195-54ED-4D48-B282-703924B16BC6}.Release|Any CPU.ActiveCfg = Release|Any CPU
		{B3A77195-54ED-4D48-B282-703924B16BC6}.Release|Any CPU.Build.0 = Release|Any CPU
		{B3A77195-54ED-4D48-B282-703924B16BC6}.Release|Mixed Platforms.ActiveCfg = Release|Any CPU
		{B3A77195-54ED-4D48-B282-703924B16BC6}.Release|Mixed Platforms.Build.0 = Release|Any CPU
		{B3A77195-54ED-4D48-B282-703924B16BC6}.Release|Win32.ActiveCfg = Release|Any CPU
		{DF7029AB-11BB-482F-B4B8-D1B8E8ACCA07}.Debug|Any CPU.ActiveCfg = Debug|Any CPU
		{DF7029AB-11BB-482F-B4B8-D1B8E8ACCA07}.Debug|Any CPU.Build.0 = Debug|Any CPU
		{DF7029AB-11BB-482F-B4B8-D1B8E8ACCA07}.Debug|Mixed Platforms.ActiveCfg = Debug|Any CPU
		{DF7029AB-11BB-482F-B4B8-D1B8E8ACCA07}.Debug|Mixed Platforms.Build.0 = Debug|Any CPU
		{DF7029AB-11BB-482F-B4B8-D1B8E8ACCA07}.Debug|Win32.ActiveCfg = Debug|Any CPU
		{DF7029AB-11BB-482F-B4B8-D1B8E8ACCA07}.Release|Any CPU.ActiveCfg = Release|Any CPU
		{DF7029AB-11BB-482F-B4B8-D1B8E8ACCA07}.Release|Any CPU.Build.0 = Release|Any CPU
		{DF7029AB-11BB-482F-B4B8-D1B8E8ACCA07}.Release|Mixed Platforms.ActiveCfg = Release|Any CPU
		{DF7029AB-11BB-482F-B4B8-D1B8E8ACCA07}.Release|Mixed Platforms.Build.0 = Release|Any CPU
		{DF7029AB-11BB-482F-B4B8-D1B8E8ACCA07}.Release|Win32.ActiveCfg = Release|Any CPU
		{B1517665-2B17-4070-89BF-D9C78C635825}.Debug|Any CPU.ActiveCfg = Debug|Any CPU
		{B1517665-2B17-4070-89BF-D9C78C635825}.Debug|Any CPU.Build.0 = Debug|Any CPU
		{B1517665-2B17-4070-89BF-D9C78C635825}.Debug|Mixed Platforms.ActiveCfg = Debug|Any CPU
		{B1517665-2B17-4070-89BF-D9C78C635825}.Debug|Mixed Platforms.Build.0 = Debug|Any CPU
		{B1517665-2B17-4070-89BF-D9C78C635825}.Debug|Win32.ActiveCfg = Debug|Any CPU
		{B1517665-2B17-4070-89BF-D9C78C635825}.Release|Any CPU.ActiveCfg = Release|Any CPU
		{B1517665-2B17-4070-89BF-D9C78C635825}.Release|Any CPU.Build.0 = Release|Any CPU
		{B1517665-2B17-4070-89BF-D9C78C635825}.Release|Mixed Platforms.ActiveCfg = Release|Any CPU
		{B1517665-2B17-4070-89BF-D9C78C635825}.Release|Mixed Platforms.Build.0 = Release|Any CPU
		{B1517665-2B17-4070-89BF-D9C78C635825}.Release|Win32.ActiveCfg = Release|Any CPU
		{F4D96290-57B2-4478-9AA7-EFDCA64ADF7A}.Debug|Any CPU.ActiveCfg = Debug|Any CPU
		{F4D96290-57B2-4478-9AA7-EFDCA64ADF7A}.Debug|Any CPU.Build.0 = Debug|Any CPU
		{F4D96290-57B2-4478-9AA7-EFDCA64ADF7A}.Debug|Mixed Platforms.ActiveCfg = Debug|Any CPU
		{F4D96290-57B2-4478-9AA7-EFDCA64ADF7A}.Debug|Mixed Platforms.Build.0 = Debug|Any CPU
		{F4D96290-57B2-4478-9AA7-EFDCA64ADF7A}.Debug|Win32.ActiveCfg = Debug|Any CPU
		{F4D96290-57B2-4478-9AA7-EFDCA64ADF7A}.Release|Any CPU.ActiveCfg = Release|Any CPU
		{F4D96290-57B2-4478-9AA7-EFDCA64ADF7A}.Release|Any CPU.Build.0 = Release|Any CPU
		{F4D96290-57B2-4478-9AA7-EFDCA64ADF7A}.Release|Mixed Platforms.ActiveCfg = Release|Any CPU
		{F4D96290-57B2-4478-9AA7-EFDCA64ADF7A}.Release|Mixed Platforms.Build.0 = Release|Any CPU
		{F4D96290-57B2-4478-9AA7-EFDCA64ADF7A}.Release|Win32.ActiveCfg = Release|Any CPU
		{390A5AF1-91D8-4E0A-BDC0-EB11ABF4C1AD}.Debug|Any CPU.ActiveCfg = Debug|Any CPU
		{390A5AF1-91D8-4E0A-BDC0-EB11ABF4C1AD}.Debug|Any CPU.Build.0 = Debug|Any CPU
		{390A5AF1-91D8-4E0A-BDC0-EB11ABF4C1AD}.Debug|Mixed Platforms.ActiveCfg = Debug|Any CPU
		{390A5AF1-91D8-4E0A-BDC0-EB11ABF4C1AD}.Debug|Mixed Platforms.Build.0 = Debug|Any CPU
		{390A5AF1-91D8-4E0A-BDC0-EB11ABF4C1AD}.Debug|Win32.ActiveCfg = Debug|Any CPU
		{390A5AF1-91D8-4E0A-BDC0-EB11ABF4C1AD}.Release|Any CPU.ActiveCfg = Release|Any CPU
		{390A5AF1-91D8-4E0A-BDC0-EB11ABF4C1AD}.Release|Any CPU.Build.0 = Release|Any CPU
		{390A5AF1-91D8-4E0A-BDC0-EB11ABF4C1AD}.Release|Mixed Platforms.ActiveCfg = Release|Any CPU
		{390A5AF1-91D8-4E0A-BDC0-EB11ABF4C1AD}.Release|Mixed Platforms.Build.0 = Release|Any CPU
		{390A5AF1-91D8-4E0A-BDC0-EB11ABF4C1AD}.Release|Win32.ActiveCfg = Release|Any CPU
		{F774AAED-1FE1-4A17-8348-552EDFF12A14}.Debug|Any CPU.ActiveCfg = Debug|Any CPU
		{F774AAED-1FE1-4A17-8348-552EDFF12A14}.Debug|Any CPU.Build.0 = Debug|Any CPU
		{F774AAED-1FE1-4A17-8348-552EDFF12A14}.Debug|Mixed Platforms.ActiveCfg = Debug|Any CPU
		{F774AAED-1FE1-4A17-8348-552EDFF12A14}.Debug|Mixed Platforms.Build.0 = Debug|Any CPU
		{F774AAED-1FE1-4A17-8348-552EDFF12A14}.Debug|Win32.ActiveCfg = Debug|Any CPU
		{F774AAED-1FE1-4A17-8348-552EDFF12A14}.Release|Any CPU.ActiveCfg = Release|Any CPU
		{F774AAED-1FE1-4A17-8348-552EDFF12A14}.Release|Any CPU.Build.0 = Release|Any CPU
		{F774AAED-1FE1-4A17-8348-552EDFF12A14}.Release|Mixed Platforms.ActiveCfg = Release|Any CPU
		{F774AAED-1FE1-4A17-8348-552EDFF12A14}.Release|Mixed Platforms.Build.0 = Release|Any CPU
		{F774AAED-1FE1-4A17-8348-552EDFF12A14}.Release|Win32.ActiveCfg = Release|Any CPU
		{662C917F-BE99-4227-8905-C38FF10EF660}.Debug|Any CPU.ActiveCfg = Debug|Any CPU
		{662C917F-BE99-4227-8905-C38FF10EF660}.Debug|Any CPU.Build.0 = Debug|Any CPU
		{662C917F-BE99-4227-8905-C38FF10EF660}.Debug|Mixed Platforms.ActiveCfg = Debug|Any CPU
		{662C917F-BE99-4227-8905-C38FF10EF660}.Debug|Mixed Platforms.Build.0 = Debug|Any CPU
		{662C917F-BE99-4227-8905-C38FF10EF660}.Debug|Win32.ActiveCfg = Debug|Any CPU
		{662C917F-BE99-4227-8905-C38FF10EF660}.Release|Any CPU.ActiveCfg = Release|Any CPU
		{662C917F-BE99-4227-8905-C38FF10EF660}.Release|Any CPU.Build.0 = Release|Any CPU
		{662C917F-BE99-4227-8905-C38FF10EF660}.Release|Mixed Platforms.ActiveCfg = Release|Any CPU
		{662C917F-BE99-4227-8905-C38FF10EF660}.Release|Mixed Platforms.Build.0 = Release|Any CPU
		{662C917F-BE99-4227-8905-C38FF10EF660}.Release|Win32.ActiveCfg = Release|Any CPU
		{B479FFC4-4BA5-4598-9CA7-B60FC795542C}.Debug|Any CPU.ActiveCfg = Debug|Any CPU
		{B479FFC4-4BA5-4598-9CA7-B60FC795542C}.Debug|Any CPU.Build.0 = Debug|Any CPU
		{B479FFC4-4BA5-4598-9CA7-B60FC795542C}.Debug|Mixed Platforms.ActiveCfg = Debug|Any CPU
		{B479FFC4-4BA5-4598-9CA7-B60FC795542C}.Debug|Mixed Platforms.Build.0 = Debug|Any CPU
		{B479FFC4-4BA5-4598-9CA7-B60FC795542C}.Debug|Win32.ActiveCfg = Debug|Any CPU
		{B479FFC4-4BA5-4598-9CA7-B60FC795542C}.Release|Any CPU.ActiveCfg = Release|Any CPU
		{B479FFC4-4BA5-4598-9CA7-B60FC795542C}.Release|Any CPU.Build.0 = Release|Any CPU
		{B479FFC4-4BA5-4598-9CA7-B60FC795542C}.Release|Mixed Platforms.ActiveCfg = Release|Any CPU
		{B479FFC4-4BA5-4598-9CA7-B60FC795542C}.Release|Mixed Platforms.Build.0 = Release|Any CPU
		{B479FFC4-4BA5-4598-9CA7-B60FC795542C}.Release|Win32.ActiveCfg = Release|Any CPU
		{9EA414CE-0371-4090-B0CC-BC09B4EB7E59}.Debug|Any CPU.ActiveCfg = Debug|Any CPU
		{9EA414CE-0371-4090-B0CC-BC09B4EB7E59}.Debug|Any CPU.Build.0 = Debug|Any CPU
		{9EA414CE-0371-4090-B0CC-BC09B4EB7E59}.Debug|Mixed Platforms.ActiveCfg = Debug|Any CPU
		{9EA414CE-0371-4090-B0CC-BC09B4EB7E59}.Debug|Mixed Platforms.Build.0 = Debug|Any CPU
		{9EA414CE-0371-4090-B0CC-BC09B4EB7E59}.Debug|Win32.ActiveCfg = Debug|Any CPU
		{9EA414CE-0371-4090-B0CC-BC09B4EB7E59}.Release|Any CPU.ActiveCfg = Release|Any CPU
		{9EA414CE-0371-4090-B0CC-BC09B4EB7E59}.Release|Any CPU.Build.0 = Release|Any CPU
		{9EA414CE-0371-4090-B0CC-BC09B4EB7E59}.Release|Mixed Platforms.ActiveCfg = Release|Any CPU
		{9EA414CE-0371-4090-B0CC-BC09B4EB7E59}.Release|Mixed Platforms.Build.0 = Release|Any CPU
		{9EA414CE-0371-4090-B0CC-BC09B4EB7E59}.Release|Win32.ActiveCfg = Release|Any CPU
		{66C9EB67-6BDC-4A36-9880-975C2A168E14}.Debug|Any CPU.ActiveCfg = Debug|Any CPU
		{66C9EB67-6BDC-4A36-9880-975C2A168E14}.Debug|Any CPU.Build.0 = Debug|Any CPU
		{66C9EB67-6BDC-4A36-9880-975C2A168E14}.Debug|Mixed Platforms.ActiveCfg = Debug|Any CPU
		{66C9EB67-6BDC-4A36-9880-975C2A168E14}.Debug|Mixed Platforms.Build.0 = Debug|Any CPU
		{66C9EB67-6BDC-4A36-9880-975C2A168E14}.Debug|Win32.ActiveCfg = Debug|Any CPU
		{66C9EB67-6BDC-4A36-9880-975C2A168E14}.Release|Any CPU.ActiveCfg = Release|Any CPU
		{66C9EB67-6BDC-4A36-9880-975C2A168E14}.Release|Any CPU.Build.0 = Release|Any CPU
		{66C9EB67-6BDC-4A36-9880-975C2A168E14}.Release|Mixed Platforms.ActiveCfg = Release|Any CPU
		{66C9EB67-6BDC-4A36-9880-975C2A168E14}.Release|Mixed Platforms.Build.0 = Release|Any CPU
		{66C9EB67-6BDC-4A36-9880-975C2A168E14}.Release|Win32.ActiveCfg = Release|Any CPU
		{B31ED2D8-2108-4781-8D05-2CA6BE9924AB}.Debug|Any CPU.ActiveCfg = Debug|Any CPU
		{B31ED2D8-2108-4781-8D05-2CA6BE9924AB}.Debug|Any CPU.Build.0 = Debug|Any CPU
		{B31ED2D8-2108-4781-8D05-2CA6BE9924AB}.Debug|Mixed Platforms.ActiveCfg = Debug|Any CPU
		{B31ED2D8-2108-4781-8D05-2CA6BE9924AB}.Debug|Mixed Platforms.Build.0 = Debug|Any CPU
		{B31ED2D8-2108-4781-8D05-2CA6BE9924AB}.Debug|Win32.ActiveCfg = Debug|Any CPU
		{B31ED2D8-2108-4781-8D05-2CA6BE9924AB}.Release|Any CPU.ActiveCfg = Release|Any CPU
		{B31ED2D8-2108-4781-8D05-2CA6BE9924AB}.Release|Any CPU.Build.0 = Release|Any CPU
		{B31ED2D8-2108-4781-8D05-2CA6BE9924AB}.Release|Mixed Platforms.ActiveCfg = Release|Any CPU
		{B31ED2D8-2108-4781-8D05-2CA6BE9924AB}.Release|Mixed Platforms.Build.0 = Release|Any CPU
		{B31ED2D8-2108-4781-8D05-2CA6BE9924AB}.Release|Win32.ActiveCfg = Release|Any CPU
		{25AC299C-B544-4A94-B831-BA0724E02E5A}.Debug|Any CPU.ActiveCfg = Debug|Any CPU
		{25AC299C-B544-4A94-B831-BA0724E02E5A}.Debug|Any CPU.Build.0 = Debug|Any CPU
		{25AC299C-B544-4A94-B831-BA0724E02E5A}.Debug|Mixed Platforms.ActiveCfg = Debug|Any CPU
		{25AC299C-B544-4A94-B831-BA0724E02E5A}.Debug|Mixed Platforms.Build.0 = Debug|Any CPU
		{25AC299C-B544-4A94-B831-BA0724E02E5A}.Debug|Win32.ActiveCfg = Debug|Any CPU
		{25AC299C-B544-4A94-B831-BA0724E02E5A}.Release|Any CPU.ActiveCfg = Release|Any CPU
		{25AC299C-B544-4A94-B831-BA0724E02E5A}.Release|Any CPU.Build.0 = Release|Any CPU
		{25AC299C-B544-4A94-B831-BA0724E02E5A}.Release|Mixed Platforms.ActiveCfg = Release|Any CPU
		{25AC299C-B544-4A94-B831-BA0724E02E5A}.Release|Mixed Platforms.Build.0 = Release|Any CPU
		{25AC299C-B544-4A94-B831-BA0724E02E5A}.Release|Win32.ActiveCfg = Release|Any CPU
		{3E605AE3-6D84-44E7-9B11-3EC0B05804FA}.Debug|Any CPU.ActiveCfg = Debug|Any CPU
		{3E605AE3-6D84-44E7-9B11-3EC0B05804FA}.Debug|Any CPU.Build.0 = Debug|Any CPU
		{3E605AE3-6D84-44E7-9B11-3EC0B05804FA}.Debug|Mixed Platforms.ActiveCfg = Debug|Any CPU
		{3E605AE3-6D84-44E7-9B11-3EC0B05804FA}.Debug|Mixed Platforms.Build.0 = Debug|Any CPU
		{3E605AE3-6D84-44E7-9B11-3EC0B05804FA}.Debug|Win32.ActiveCfg = Debug|Any CPU
		{3E605AE3-6D84-44E7-9B11-3EC0B05804FA}.Release|Any CPU.ActiveCfg = Release|Any CPU
		{3E605AE3-6D84-44E7-9B11-3EC0B05804FA}.Release|Any CPU.Build.0 = Release|Any CPU
		{3E605AE3-6D84-44E7-9B11-3EC0B05804FA}.Release|Mixed Platforms.ActiveCfg = Release|Any CPU
		{3E605AE3-6D84-44E7-9B11-3EC0B05804FA}.Release|Mixed Platforms.Build.0 = Release|Any CPU
		{3E605AE3-6D84-44E7-9B11-3EC0B05804FA}.Release|Win32.ActiveCfg = Release|Any CPU
		{1C3D1DAD-97FD-41EC-9CD7-6C0972D5FAE6}.Debug|Any CPU.ActiveCfg = Debug|Any CPU
		{1C3D1DAD-97FD-41EC-9CD7-6C0972D5FAE6}.Debug|Any CPU.Build.0 = Debug|Any CPU
		{1C3D1DAD-97FD-41EC-9CD7-6C0972D5FAE6}.Debug|Mixed Platforms.ActiveCfg = Debug|Any CPU
		{1C3D1DAD-97FD-41EC-9CD7-6C0972D5FAE6}.Debug|Mixed Platforms.Build.0 = Debug|Any CPU
		{1C3D1DAD-97FD-41EC-9CD7-6C0972D5FAE6}.Debug|Win32.ActiveCfg = Debug|Any CPU
		{1C3D1DAD-97FD-41EC-9CD7-6C0972D5FAE6}.Release|Any CPU.ActiveCfg = Release|Any CPU
		{1C3D1DAD-97FD-41EC-9CD7-6C0972D5FAE6}.Release|Any CPU.Build.0 = Release|Any CPU
		{1C3D1DAD-97FD-41EC-9CD7-6C0972D5FAE6}.Release|Mixed Platforms.ActiveCfg = Release|Any CPU
		{1C3D1DAD-97FD-41EC-9CD7-6C0972D5FAE6}.Release|Mixed Platforms.Build.0 = Release|Any CPU
		{1C3D1DAD-97FD-41EC-9CD7-6C0972D5FAE6}.Release|Win32.ActiveCfg = Release|Any CPU
		{64DCEDEF-5B42-4A2A-8408-BA9D49484FFA}.Debug|Any CPU.ActiveCfg = Debug|Any CPU
		{64DCEDEF-5B42-4A2A-8408-BA9D49484FFA}.Debug|Any CPU.Build.0 = Debug|Any CPU
		{64DCEDEF-5B42-4A2A-8408-BA9D49484FFA}.Debug|Mixed Platforms.ActiveCfg = Debug|Any CPU
		{64DCEDEF-5B42-4A2A-8408-BA9D49484FFA}.Debug|Mixed Platforms.Build.0 = Debug|Any CPU
		{64DCEDEF-5B42-4A2A-8408-BA9D49484FFA}.Debug|Win32.ActiveCfg = Debug|Any CPU
		{64DCEDEF-5B42-4A2A-8408-BA9D49484FFA}.Release|Any CPU.ActiveCfg = Release|Any CPU
		{64DCEDEF-5B42-4A2A-8408-BA9D49484FFA}.Release|Any CPU.Build.0 = Release|Any CPU
		{64DCEDEF-5B42-4A2A-8408-BA9D49484FFA}.Release|Mixed Platforms.ActiveCfg = Release|Any CPU
		{64DCEDEF-5B42-4A2A-8408-BA9D49484FFA}.Release|Mixed Platforms.Build.0 = Release|Any CPU
		{64DCEDEF-5B42-4A2A-8408-BA9D49484FFA}.Release|Win32.ActiveCfg = Release|Any CPU
		{A3390B93-0B0F-4983-8104-B52BBF2B15E3}.Debug|Any CPU.ActiveCfg = Debug|Any CPU
		{A3390B93-0B0F-4983-8104-B52BBF2B15E3}.Debug|Any CPU.Build.0 = Debug|Any CPU
		{A3390B93-0B0F-4983-8104-B52BBF2B15E3}.Debug|Mixed Platforms.ActiveCfg = Debug|Any CPU
		{A3390B93-0B0F-4983-8104-B52BBF2B15E3}.Debug|Mixed Platforms.Build.0 = Debug|Any CPU
		{A3390B93-0B0F-4983-8104-B52BBF2B15E3}.Debug|Win32.ActiveCfg = Debug|Any CPU
		{A3390B93-0B0F-4983-8104-B52BBF2B15E3}.Release|Any CPU.ActiveCfg = Release|Any CPU
		{A3390B93-0B0F-4983-8104-B52BBF2B15E3}.Release|Any CPU.Build.0 = Release|Any CPU
		{A3390B93-0B0F-4983-8104-B52BBF2B15E3}.Release|Mixed Platforms.ActiveCfg = Release|Any CPU
		{A3390B93-0B0F-4983-8104-B52BBF2B15E3}.Release|Mixed Platforms.Build.0 = Release|Any CPU
		{A3390B93-0B0F-4983-8104-B52BBF2B15E3}.Release|Win32.ActiveCfg = Release|Any CPU
		{B1794F3A-908C-417C-9471-DE7ACB8BE9A8}.Debug|Any CPU.ActiveCfg = Debug|Any CPU
		{B1794F3A-908C-417C-9471-DE7ACB8BE9A8}.Debug|Any CPU.Build.0 = Debug|Any CPU
		{B1794F3A-908C-417C-9471-DE7ACB8BE9A8}.Debug|Mixed Platforms.ActiveCfg = Debug|Any CPU
		{B1794F3A-908C-417C-9471-DE7ACB8BE9A8}.Debug|Mixed Platforms.Build.0 = Debug|Any CPU
		{B1794F3A-908C-417C-9471-DE7ACB8BE9A8}.Debug|Win32.ActiveCfg = Debug|Any CPU
		{B1794F3A-908C-417C-9471-DE7ACB8BE9A8}.Release|Any CPU.ActiveCfg = Release|Any CPU
		{B1794F3A-908C-417C-9471-DE7ACB8BE9A8}.Release|Any CPU.Build.0 = Release|Any CPU
		{B1794F3A-908C-417C-9471-DE7ACB8BE9A8}.Release|Mixed Platforms.ActiveCfg = Release|Any CPU
		{B1794F3A-908C-417C-9471-DE7ACB8BE9A8}.Release|Mixed Platforms.Build.0 = Release|Any CPU
		{B1794F3A-908C-417C-9471-DE7ACB8BE9A8}.Release|Win32.ActiveCfg = Release|Any CPU
		{0CAF0CAF-C7E0-4346-9CB1-67F24A30FCBB}.Debug|Any CPU.ActiveCfg = Debug|Any CPU
		{0CAF0CAF-C7E0-4346-9CB1-67F24A30FCBB}.Debug|Any CPU.Build.0 = Debug|Any CPU
		{0CAF0CAF-C7E0-4346-9CB1-67F24A30FCBB}.Debug|Mixed Platforms.ActiveCfg = Debug|Any CPU
		{0CAF0CAF-C7E0-4346-9CB1-67F24A30FCBB}.Debug|Mixed Platforms.Build.0 = Debug|Any CPU
		{0CAF0CAF-C7E0-4346-9CB1-67F24A30FCBB}.Debug|Win32.ActiveCfg = Debug|Any CPU
		{0CAF0CAF-C7E0-4346-9CB1-67F24A30FCBB}.Release|Any CPU.ActiveCfg = Release|Any CPU
		{0CAF0CAF-C7E0-4346-9CB1-67F24A30FCBB}.Release|Any CPU.Build.0 = Release|Any CPU
		{0CAF0CAF-C7E0-4346-9CB1-67F24A30FCBB}.Release|Mixed Platforms.ActiveCfg = Release|Any CPU
		{0CAF0CAF-C7E0-4346-9CB1-67F24A30FCBB}.Release|Mixed Platforms.Build.0 = Release|Any CPU
		{0CAF0CAF-C7E0-4346-9CB1-67F24A30FCBB}.Release|Win32.ActiveCfg = Release|Any CPU
		{229B5EBA-EC7A-4261-9A9E-576E7D62BC47}.Debug|Any CPU.ActiveCfg = Debug|Any CPU
		{229B5EBA-EC7A-4261-9A9E-576E7D62BC47}.Debug|Any CPU.Build.0 = Debug|Any CPU
		{229B5EBA-EC7A-4261-9A9E-576E7D62BC47}.Debug|Mixed Platforms.ActiveCfg = Debug|Any CPU
		{229B5EBA-EC7A-4261-9A9E-576E7D62BC47}.Debug|Mixed Platforms.Build.0 = Debug|Any CPU
		{229B5EBA-EC7A-4261-9A9E-576E7D62BC47}.Debug|Win32.ActiveCfg = Debug|Any CPU
		{229B5EBA-EC7A-4261-9A9E-576E7D62BC47}.Release|Any CPU.ActiveCfg = Release|Any CPU
		{229B5EBA-EC7A-4261-9A9E-576E7D62BC47}.Release|Any CPU.Build.0 = Release|Any CPU
		{229B5EBA-EC7A-4261-9A9E-576E7D62BC47}.Release|Mixed Platforms.ActiveCfg = Release|Any CPU
		{229B5EBA-EC7A-4261-9A9E-576E7D62BC47}.Release|Mixed Platforms.Build.0 = Release|Any CPU
		{229B5EBA-EC7A-4261-9A9E-576E7D62BC47}.Release|Win32.ActiveCfg = Release|Any CPU
		{1DAE5CAE-AAFE-4109-A00F-10D061A45C8E}.Debug|Any CPU.ActiveCfg = Debug|Any CPU
		{1DAE5CAE-AAFE-4109-A00F-10D061A45C8E}.Debug|Any CPU.Build.0 = Debug|Any CPU
		{1DAE5CAE-AAFE-4109-A00F-10D061A45C8E}.Debug|Mixed Platforms.ActiveCfg = Debug|Any CPU
		{1DAE5CAE-AAFE-4109-A00F-10D061A45C8E}.Debug|Mixed Platforms.Build.0 = Debug|Any CPU
		{1DAE5CAE-AAFE-4109-A00F-10D061A45C8E}.Debug|Win32.ActiveCfg = Debug|Any CPU
		{1DAE5CAE-AAFE-4109-A00F-10D061A45C8E}.Release|Any CPU.ActiveCfg = Release|Any CPU
		{1DAE5CAE-AAFE-4109-A00F-10D061A45C8E}.Release|Any CPU.Build.0 = Release|Any CPU
		{1DAE5CAE-AAFE-4109-A00F-10D061A45C8E}.Release|Mixed Platforms.ActiveCfg = Release|Any CPU
		{1DAE5CAE-AAFE-4109-A00F-10D061A45C8E}.Release|Mixed Platforms.Build.0 = Release|Any CPU
		{1DAE5CAE-AAFE-4109-A00F-10D061A45C8E}.Release|Win32.ActiveCfg = Release|Any CPU
		{3BAB0A40-1BFC-4CAA-AAC9-8DAB3B05A13D}.Debug|Any CPU.ActiveCfg = Debug|Any CPU
		{3BAB0A40-1BFC-4CAA-AAC9-8DAB3B05A13D}.Debug|Any CPU.Build.0 = Debug|Any CPU
		{3BAB0A40-1BFC-4CAA-AAC9-8DAB3B05A13D}.Debug|Mixed Platforms.ActiveCfg = Debug|Any CPU
		{3BAB0A40-1BFC-4CAA-AAC9-8DAB3B05A13D}.Debug|Mixed Platforms.Build.0 = Debug|Any CPU
		{3BAB0A40-1BFC-4CAA-AAC9-8DAB3B05A13D}.Debug|Win32.ActiveCfg = Debug|Any CPU
		{3BAB0A40-1BFC-4CAA-AAC9-8DAB3B05A13D}.Release|Any CPU.ActiveCfg = Release|Any CPU
		{3BAB0A40-1BFC-4CAA-AAC9-8DAB3B05A13D}.Release|Any CPU.Build.0 = Release|Any CPU
		{3BAB0A40-1BFC-4CAA-AAC9-8DAB3B05A13D}.Release|Mixed Platforms.ActiveCfg = Release|Any CPU
		{3BAB0A40-1BFC-4CAA-AAC9-8DAB3B05A13D}.Release|Mixed Platforms.Build.0 = Release|Any CPU
		{3BAB0A40-1BFC-4CAA-AAC9-8DAB3B05A13D}.Release|Win32.ActiveCfg = Release|Any CPU
		{FFBF007F-51E7-4DC7-93E4-986CDA4C5457}.Debug|Any CPU.ActiveCfg = Debug|Any CPU
		{FFBF007F-51E7-4DC7-93E4-986CDA4C5457}.Debug|Any CPU.Build.0 = Debug|Any CPU
		{FFBF007F-51E7-4DC7-93E4-986CDA4C5457}.Debug|Mixed Platforms.ActiveCfg = Debug|Any CPU
		{FFBF007F-51E7-4DC7-93E4-986CDA4C5457}.Debug|Mixed Platforms.Build.0 = Debug|Any CPU
		{FFBF007F-51E7-4DC7-93E4-986CDA4C5457}.Debug|Win32.ActiveCfg = Debug|Any CPU
		{FFBF007F-51E7-4DC7-93E4-986CDA4C5457}.Release|Any CPU.ActiveCfg = Release|Any CPU
		{FFBF007F-51E7-4DC7-93E4-986CDA4C5457}.Release|Any CPU.Build.0 = Release|Any CPU
		{FFBF007F-51E7-4DC7-93E4-986CDA4C5457}.Release|Mixed Platforms.ActiveCfg = Release|Any CPU
		{FFBF007F-51E7-4DC7-93E4-986CDA4C5457}.Release|Mixed Platforms.Build.0 = Release|Any CPU
		{FFBF007F-51E7-4DC7-93E4-986CDA4C5457}.Release|Win32.ActiveCfg = Release|Any CPU
		{BD7FD9F0-F93E-4A37-B1EC-4E5CE75B279F}.Debug|Any CPU.ActiveCfg = Debug|Any CPU
		{BD7FD9F0-F93E-4A37-B1EC-4E5CE75B279F}.Debug|Any CPU.Build.0 = Debug|Any CPU
		{BD7FD9F0-F93E-4A37-B1EC-4E5CE75B279F}.Debug|Mixed Platforms.ActiveCfg = Debug|Any CPU
		{BD7FD9F0-F93E-4A37-B1EC-4E5CE75B279F}.Debug|Mixed Platforms.Build.0 = Debug|Any CPU
		{BD7FD9F0-F93E-4A37-B1EC-4E5CE75B279F}.Debug|Win32.ActiveCfg = Debug|Any CPU
		{BD7FD9F0-F93E-4A37-B1EC-4E5CE75B279F}.Release|Any CPU.ActiveCfg = Release|Any CPU
		{BD7FD9F0-F93E-4A37-B1EC-4E5CE75B279F}.Release|Any CPU.Build.0 = Release|Any CPU
		{BD7FD9F0-F93E-4A37-B1EC-4E5CE75B279F}.Release|Mixed Platforms.ActiveCfg = Release|Any CPU
		{BD7FD9F0-F93E-4A37-B1EC-4E5CE75B279F}.Release|Mixed Platforms.Build.0 = Release|Any CPU
		{BD7FD9F0-F93E-4A37-B1EC-4E5CE75B279F}.Release|Win32.ActiveCfg = Release|Any CPU
		{6EEFB973-8365-43BC-B3AB-CD6FF21B8BB0}.Debug|Any CPU.ActiveCfg = Debug|Any CPU
		{6EEFB973-8365-43BC-B3AB-CD6FF21B8BB0}.Debug|Any CPU.Build.0 = Debug|Any CPU
		{6EEFB973-8365-43BC-B3AB-CD6FF21B8BB0}.Debug|Mixed Platforms.ActiveCfg = Debug|Any CPU
		{6EEFB973-8365-43BC-B3AB-CD6FF21B8BB0}.Debug|Mixed Platforms.Build.0 = Debug|Any CPU
		{6EEFB973-8365-43BC-B3AB-CD6FF21B8BB0}.Debug|Win32.ActiveCfg = Debug|Any CPU
		{6EEFB973-8365-43BC-B3AB-CD6FF21B8BB0}.Release|Any CPU.ActiveCfg = Release|Any CPU
		{6EEFB973-8365-43BC-B3AB-CD6FF21B8BB0}.Release|Any CPU.Build.0 = Release|Any CPU
		{6EEFB973-8365-43BC-B3AB-CD6FF21B8BB0}.Release|Mixed Platforms.ActiveCfg = Release|Any CPU
		{6EEFB973-8365-43BC-B3AB-CD6FF21B8BB0}.Release|Mixed Platforms.Build.0 = Release|Any CPU
		{6EEFB973-8365-43BC-B3AB-CD6FF21B8BB0}.Release|Win32.ActiveCfg = Release|Any CPU
		{2C5484C7-4F2C-4734-9141-2112358820B5}.Debug|Any CPU.ActiveCfg = Debug|Any CPU
		{2C5484C7-4F2C-4734-9141-2112358820B5}.Debug|Any CPU.Build.0 = Debug|Any CPU
		{2C5484C7-4F2C-4734-9141-2112358820B5}.Debug|Mixed Platforms.ActiveCfg = Debug|Any CPU
		{2C5484C7-4F2C-4734-9141-2112358820B5}.Debug|Mixed Platforms.Build.0 = Debug|Any CPU
		{2C5484C7-4F2C-4734-9141-2112358820B5}.Debug|Win32.ActiveCfg = Debug|Any CPU
		{2C5484C7-4F2C-4734-9141-2112358820B5}.Release|Any CPU.ActiveCfg = Release|Any CPU
		{2C5484C7-4F2C-4734-9141-2112358820B5}.Release|Any CPU.Build.0 = Release|Any CPU
		{2C5484C7-4F2C-4734-9141-2112358820B5}.Release|Mixed Platforms.ActiveCfg = Release|Any CPU
		{2C5484C7-4F2C-4734-9141-2112358820B5}.Release|Mixed Platforms.Build.0 = Release|Any CPU
		{2C5484C7-4F2C-4734-9141-2112358820B5}.Release|Win32.ActiveCfg = Release|Any CPU
		{1B66299C-D291-406D-A699-7A0C4330BC78}.Debug|Any CPU.ActiveCfg = Debug|Any CPU
		{1B66299C-D291-406D-A699-7A0C4330BC78}.Debug|Any CPU.Build.0 = Debug|Any CPU
		{1B66299C-D291-406D-A699-7A0C4330BC78}.Debug|Mixed Platforms.ActiveCfg = Debug|Any CPU
		{1B66299C-D291-406D-A699-7A0C4330BC78}.Debug|Mixed Platforms.Build.0 = Debug|Any CPU
		{1B66299C-D291-406D-A699-7A0C4330BC78}.Debug|Win32.ActiveCfg = Debug|Any CPU
		{1B66299C-D291-406D-A699-7A0C4330BC78}.Release|Any CPU.ActiveCfg = Release|Any CPU
		{1B66299C-D291-406D-A699-7A0C4330BC78}.Release|Any CPU.Build.0 = Release|Any CPU
		{1B66299C-D291-406D-A699-7A0C4330BC78}.Release|Mixed Platforms.ActiveCfg = Release|Any CPU
		{1B66299C-D291-406D-A699-7A0C4330BC78}.Release|Mixed Platforms.Build.0 = Release|Any CPU
		{1B66299C-D291-406D-A699-7A0C4330BC78}.Release|Win32.ActiveCfg = Release|Any CPU
		{FCB8BA7C-4CCF-4CCC-86D9-2015BC5F6D4E}.Debug|Any CPU.ActiveCfg = Debug|Any CPU
		{FCB8BA7C-4CCF-4CCC-86D9-2015BC5F6D4E}.Debug|Any CPU.Build.0 = Debug|Any CPU
		{FCB8BA7C-4CCF-4CCC-86D9-2015BC5F6D4E}.Debug|Mixed Platforms.ActiveCfg = Debug|Any CPU
		{FCB8BA7C-4CCF-4CCC-86D9-2015BC5F6D4E}.Debug|Mixed Platforms.Build.0 = Debug|Any CPU
		{FCB8BA7C-4CCF-4CCC-86D9-2015BC5F6D4E}.Debug|Win32.ActiveCfg = Debug|Any CPU
		{FCB8BA7C-4CCF-4CCC-86D9-2015BC5F6D4E}.Release|Any CPU.ActiveCfg = Release|Any CPU
		{FCB8BA7C-4CCF-4CCC-86D9-2015BC5F6D4E}.Release|Any CPU.Build.0 = Release|Any CPU
		{FCB8BA7C-4CCF-4CCC-86D9-2015BC5F6D4E}.Release|Mixed Platforms.ActiveCfg = Release|Any CPU
		{FCB8BA7C-4CCF-4CCC-86D9-2015BC5F6D4E}.Release|Mixed Platforms.Build.0 = Release|Any CPU
		{FCB8BA7C-4CCF-4CCC-86D9-2015BC5F6D4E}.Release|Win32.ActiveCfg = Release|Any CPU
		{96A05617-5970-43D6-8064-69CDDAC15190}.Debug|Any CPU.ActiveCfg = Debug|Any CPU
		{96A05617-5970-43D6-8064-69CDDAC15190}.Debug|Any CPU.Build.0 = Debug|Any CPU
		{96A05617-5970-43D6-8064-69CDDAC15190}.Debug|Mixed Platforms.ActiveCfg = Debug|Any CPU
		{96A05617-5970-43D6-8064-69CDDAC15190}.Debug|Mixed Platforms.Build.0 = Debug|Any CPU
		{96A05617-5970-43D6-8064-69CDDAC15190}.Debug|Win32.ActiveCfg = Debug|Any CPU
		{96A05617-5970-43D6-8064-69CDDAC15190}.Release|Any CPU.ActiveCfg = Release|Any CPU
		{96A05617-5970-43D6-8064-69CDDAC15190}.Release|Any CPU.Build.0 = Release|Any CPU
		{96A05617-5970-43D6-8064-69CDDAC15190}.Release|Mixed Platforms.ActiveCfg = Release|Any CPU
		{96A05617-5970-43D6-8064-69CDDAC15190}.Release|Mixed Platforms.Build.0 = Release|Any CPU
		{96A05617-5970-43D6-8064-69CDDAC15190}.Release|Win32.ActiveCfg = Release|Any CPU
		{B69B9E20-504C-41D9-A25F-AAE69EC2430E}.Debug|Any CPU.ActiveCfg = Debug|Any CPU
		{B69B9E20-504C-41D9-A25F-AAE69EC2430E}.Debug|Any CPU.Build.0 = Debug|Any CPU
		{B69B9E20-504C-41D9-A25F-AAE69EC2430E}.Debug|Mixed Platforms.ActiveCfg = Debug|Any CPU
		{B69B9E20-504C-41D9-A25F-AAE69EC2430E}.Debug|Mixed Platforms.Build.0 = Debug|Any CPU
		{B69B9E20-504C-41D9-A25F-AAE69EC2430E}.Debug|Win32.ActiveCfg = Debug|Any CPU
		{B69B9E20-504C-41D9-A25F-AAE69EC2430E}.Release|Any CPU.ActiveCfg = Release|Any CPU
		{B69B9E20-504C-41D9-A25F-AAE69EC2430E}.Release|Any CPU.Build.0 = Release|Any CPU
		{B69B9E20-504C-41D9-A25F-AAE69EC2430E}.Release|Mixed Platforms.ActiveCfg = Release|Any CPU
		{B69B9E20-504C-41D9-A25F-AAE69EC2430E}.Release|Mixed Platforms.Build.0 = Release|Any CPU
		{B69B9E20-504C-41D9-A25F-AAE69EC2430E}.Release|Win32.ActiveCfg = Release|Any CPU
		{BF748228-A72C-4B81-8897-773D77C842E7}.Debug|Any CPU.ActiveCfg = Debug|Any CPU
		{BF748228-A72C-4B81-8897-773D77C842E7}.Debug|Any CPU.Build.0 = Debug|Any CPU
		{BF748228-A72C-4B81-8897-773D77C842E7}.Debug|Mixed Platforms.ActiveCfg = Debug|Any CPU
		{BF748228-A72C-4B81-8897-773D77C842E7}.Debug|Mixed Platforms.Build.0 = Debug|Any CPU
		{BF748228-A72C-4B81-8897-773D77C842E7}.Debug|Win32.ActiveCfg = Debug|Any CPU
		{BF748228-A72C-4B81-8897-773D77C842E7}.Release|Any CPU.ActiveCfg = Release|Any CPU
		{BF748228-A72C-4B81-8897-773D77C842E7}.Release|Any CPU.Build.0 = Release|Any CPU
		{BF748228-A72C-4B81-8897-773D77C842E7}.Release|Mixed Platforms.ActiveCfg = Release|Any CPU
		{BF748228-A72C-4B81-8897-773D77C842E7}.Release|Mixed Platforms.Build.0 = Release|Any CPU
		{BF748228-A72C-4B81-8897-773D77C842E7}.Release|Win32.ActiveCfg = Release|Any CPU
		{238188FF-6004-4FCC-8FC6-F8AE8B73C394}.Debug|Any CPU.ActiveCfg = Debug|Any CPU
		{238188FF-6004-4FCC-8FC6-F8AE8B73C394}.Debug|Any CPU.Build.0 = Debug|Any CPU
		{238188FF-6004-4FCC-8FC6-F8AE8B73C394}.Debug|Mixed Platforms.ActiveCfg = Debug|Any CPU
		{238188FF-6004-4FCC-8FC6-F8AE8B73C394}.Debug|Mixed Platforms.Build.0 = Debug|Any CPU
		{238188FF-6004-4FCC-8FC6-F8AE8B73C394}.Debug|Win32.ActiveCfg = Debug|Any CPU
		{238188FF-6004-4FCC-8FC6-F8AE8B73C394}.Release|Any CPU.ActiveCfg = Release|Any CPU
		{238188FF-6004-4FCC-8FC6-F8AE8B73C394}.Release|Any CPU.Build.0 = Release|Any CPU
		{238188FF-6004-4FCC-8FC6-F8AE8B73C394}.Release|Mixed Platforms.ActiveCfg = Release|Any CPU
		{238188FF-6004-4FCC-8FC6-F8AE8B73C394}.Release|Mixed Platforms.Build.0 = Release|Any CPU
		{238188FF-6004-4FCC-8FC6-F8AE8B73C394}.Release|Win32.ActiveCfg = Release|Any CPU
		{1901AE89-EDEF-4431-B754-96FBF027CBBC}.Debug|Any CPU.ActiveCfg = Debug|Win32
		{1901AE89-EDEF-4431-B754-96FBF027CBBC}.Debug|Mixed Platforms.ActiveCfg = Debug|Win32
		{1901AE89-EDEF-4431-B754-96FBF027CBBC}.Debug|Mixed Platforms.Build.0 = Debug|Win32
		{1901AE89-EDEF-4431-B754-96FBF027CBBC}.Debug|Win32.ActiveCfg = Debug|Win32
		{1901AE89-EDEF-4431-B754-96FBF027CBBC}.Debug|Win32.Build.0 = Debug|Win32
		{1901AE89-EDEF-4431-B754-96FBF027CBBC}.Release|Any CPU.ActiveCfg = Release|Win32
		{1901AE89-EDEF-4431-B754-96FBF027CBBC}.Release|Mixed Platforms.ActiveCfg = Release|Win32
		{1901AE89-EDEF-4431-B754-96FBF027CBBC}.Release|Mixed Platforms.Build.0 = Release|Win32
		{1901AE89-EDEF-4431-B754-96FBF027CBBC}.Release|Win32.ActiveCfg = Release|Win32
		{1901AE89-EDEF-4431-B754-96FBF027CBBC}.Release|Win32.Build.0 = Release|Win32
	EndGlobalSection
	GlobalSection(SolutionProperties) = preSolution
		HideSolutionNode = FALSE
	EndGlobalSection
EndGlobal
