
Microsoft Visual Studio Solution File, Format Version 11.00
# Visual Studio 2010
Project("{F2A71F9B-5D33-465A-A702-920D77279786}") = "Euler2", "Euler2\Euler2.fsproj", "{F50B41C6-8682-499C-A496-D20E060A392C}"
EndProject
Project("{F2A71F9B-5D33-465A-A702-920D77279786}") = "P51", "P51\P51.fsproj", "{3CD0FDFF-B71B-448E-BDB2-B6DA4C5770B6}"
EndProject
Project("{F2A71F9B-5D33-465A-A702-920D77279786}") = "P52", "P52\P52.fsproj", "{C36BEE9A-6575-4506-9808-F024ABAC2981}"
EndProject
Project("{F2A71F9B-5D33-465A-A702-920D77279786}") = "P53", "P53\P53.fsproj", "{DA809D96-9C2F-4F74-A6EA-2B86735837C6}"
EndProject
Project("{F2A71F9B-5D33-465A-A702-920D77279786}") = "P54", "P54\P54.fsproj", "{C8F1755F-48B0-4278-8FC4-8282A1423418}"
EndProject
Project("{F2A71F9B-5D33-465A-A702-920D77279786}") = "P55", "P55\P55.fsproj", "{42BF7ACE-7643-4ABE-AF7C-0885BBA0A803}"
EndProject
Project("{F2A71F9B-5D33-465A-A702-920D77279786}") = "P56", "P56\P56.fsproj", "{AFD175CD-CBAD-4924-8D05-9F1B2C46BD77}"
EndProject
Project("{F2A71F9B-5D33-465A-A702-920D77279786}") = "P57", "P57\P57.fsproj", "{C83EF132-E8AA-488F-B359-39EDF4C7EC21}"
EndProject
Project("{F2A71F9B-5D33-465A-A702-920D77279786}") = "P58", "P58\P58.fsproj", "{735E734E-EF94-4F6F-9AAB-458B5F3D28DA}"
EndProject
Project("{F2A71F9B-5D33-465A-A702-920D77279786}") = "P59", "P59\P59.fsproj", "{7C1F242D-E717-4723-AE60-81FA0905C0F1}"
EndProject
Project("{F2A71F9B-5D33-465A-A702-920D77279786}") = "P60", "P60\P60.fsproj", "{C106F5F2-1ED0-4F67-A48A-985D95E14381}"
EndProject
Project("{F2A71F9B-5D33-465A-A702-920D77279786}") = "P61", "P61\P61.fsproj", "{8D664B1D-DCF0-49F0-A6A4-A9B1914FB0F0}"
EndProject
Project("{F2A71F9B-5D33-465A-A702-920D77279786}") = "P62", "P62\P62.fsproj", "{0D464942-9188-4927-9877-3507729F2944}"
EndProject
Project("{F2A71F9B-5D33-465A-A702-920D77279786}") = "P63", "P63\P63.fsproj", "{C19EACFD-A394-44C5-B6CF-CF9B7FA0A9F3}"
EndProject
Project("{F2A71F9B-5D33-465A-A702-920D77279786}") = "P64", "P64\P64.fsproj", "{8B984522-DE0D-4B61-88F5-CAB906C84AF7}"
EndProject
Project("{F2A71F9B-5D33-465A-A702-920D77279786}") = "P65", "P65\P65.fsproj", "{D1268DE6-88D0-42D0-AFC6-6D5F80F64F29}"
EndProject
Project("{F2A71F9B-5D33-465A-A702-920D77279786}") = "P66", "P66\P66.fsproj", "{598D9E10-E386-48CF-9FB8-5406D39E1DBF}"
EndProject
Project("{F2A71F9B-5D33-465A-A702-920D77279786}") = "P67", "P67\P67.fsproj", "{605725B8-D342-47EE-8383-A2F37A420A33}"
EndProject
Project("{F2A71F9B-5D33-465A-A702-920D77279786}") = "P68", "P68\P68.fsproj", "{FA84CFEF-E710-4E9D-AB2D-AD3A40586A63}"
EndProject
Project("{F2A71F9B-5D33-465A-A702-920D77279786}") = "P69", "P69\P69.fsproj", "{40487E26-8FDE-4C2B-926B-5A87B3749F5B}"
EndProject
Project("{F2A71F9B-5D33-465A-A702-920D77279786}") = "P70", "P70\P70.fsproj", "{2DA0C29D-32AE-441E-A3E3-5E99EC473E49}"
EndProject
Project("{F2A71F9B-5D33-465A-A702-920D77279786}") = "P71", "P71\P71.fsproj", "{7F463DB4-2DC1-4077-9627-C455B003EEBE}"
EndProject
Project("{F2A71F9B-5D33-465A-A702-920D77279786}") = "P72", "P72\P72.fsproj", "{9F6BABCE-4679-4C90-9E6A-9BC712E081D6}"
EndProject
Project("{F2A71F9B-5D33-465A-A702-920D77279786}") = "P73", "P73\P73.fsproj", "{0F84A6D2-2D9F-4A5D-B7B9-3309A3C345B4}"
EndProject
Project("{F2A71F9B-5D33-465A-A702-920D77279786}") = "P74", "P74\P74.fsproj", "{3871B4FB-E16F-4D59-9E6F-AE05A20478F1}"
EndProject
Project("{F2A71F9B-5D33-465A-A702-920D77279786}") = "P75", "P75\P75.fsproj", "{9DD2B8FC-F35A-41ED-8771-E3BE2C0D2C11}"
EndProject
Project("{F2A71F9B-5D33-465A-A702-920D77279786}") = "P76", "P76\P76.fsproj", "{2E4136A2-504B-4D68-8687-0CC2C6452173}"
EndProject
Project("{F2A71F9B-5D33-465A-A702-920D77279786}") = "P77", "P77\P77.fsproj", "{38E35BCD-7E38-4BB2-AEED-9F9830996A21}"
EndProject
Project("{F2A71F9B-5D33-465A-A702-920D77279786}") = "P78", "P78\P78.fsproj", "{EA83A3F6-A8D7-4540-A556-2DA55F556E86}"
EndProject
Project("{F2A71F9B-5D33-465A-A702-920D77279786}") = "P79", "P79\P79.fsproj", "{99ABFDB1-3C06-448D-96BD-279769A7111C}"
EndProject
Project("{F2A71F9B-5D33-465A-A702-920D77279786}") = "P80", "P80\P80.fsproj", "{30FC1A83-9E0B-4A38-96E8-0B69FE95AFED}"
EndProject
Project("{F2A71F9B-5D33-465A-A702-920D77279786}") = "P81", "P81\P81.fsproj", "{995185FD-1078-4049-8A8C-4A1953A91E13}"
EndProject
Project("{F2A71F9B-5D33-465A-A702-920D77279786}") = "P82", "P82\P82.fsproj", "{A66AD654-1A0F-41FC-81B2-49F01B03E005}"
EndProject
Project("{F2A71F9B-5D33-465A-A702-920D77279786}") = "P89", "P89\P89.fsproj", "{78B38E7A-1999-422A-8BC6-DAC47F965E66}"
EndProject
Project("{F2A71F9B-5D33-465A-A702-920D77279786}") = "P92", "P92\P92.fsproj", "{0CB3960D-5BBE-4B12-BA8B-F1942B9C84A0}"
EndProject
Project("{F2A71F9B-5D33-465A-A702-920D77279786}") = "P94", "P94\P94.fsproj", "{C4005119-E877-43D7-BDE2-C45C51E82B7A}"
EndProject
Project("{F2A71F9B-5D33-465A-A702-920D77279786}") = "P96", "P96\P96.fsproj", "{A7B03CC1-D64A-4827-83C6-A04FAE4306BA}"
EndProject
Project("{F2A71F9B-5D33-465A-A702-920D77279786}") = "P97", "P97\P97.fsproj", "{FE1BAA2B-8C28-4A86-8B30-E78035263DFB}"
EndProject
Project("{F2A71F9B-5D33-465A-A702-920D77279786}") = "P98", "P98\P98.fsproj", "{37B6B861-A9E5-47DB-A58E-994A1ED6249B}"
EndProject
Project("{F2A71F9B-5D33-465A-A702-920D77279786}") = "P99", "P99\P99.fsproj", "{6667C9D2-80D7-449F-B080-4CC26AFC61D4}"
EndProject
Project("{F2A71F9B-5D33-465A-A702-920D77279786}") = "P100", "P100\P100.fsproj", "{F1AB9D84-5398-4033-9400-055D65FABF8A}"
EndProject
Project("{F2A71F9B-5D33-465A-A702-920D77279786}") = "P95", "P95\P95.fsproj", "{95320E20-550D-421F-BBA5-287DF093628C}"
EndProject
Project("{F2A71F9B-5D33-465A-A702-920D77279786}") = "P87", "P87\P87.fsproj", "{FEEB17E1-880C-4724-8DD2-7247524C64C6}"
EndProject
Project("{F2A71F9B-5D33-465A-A702-920D77279786}") = "P85", "P85\P85.fsproj", "{413BBD16-D805-4777-A27D-761516CA7022}"
EndProject
Project("{F2A71F9B-5D33-465A-A702-920D77279786}") = "P90", "P90\P90.fsproj", "{37989F2E-7AF5-43C3-BD38-4805B3012FF7}"
EndProject
Project("{F2A71F9B-5D33-465A-A702-920D77279786}") = "P86", "P86\P86.fsproj", "{03B1DEA9-BF87-42E5-93A8-3EC643725420}"
EndProject
Project("{F2A71F9B-5D33-465A-A702-920D77279786}") = "P83", "P83\P83.fsproj", "{8B1562D8-F4A3-455C-AC34-D6CEC50804BA}"
EndProject
Project("{F2A71F9B-5D33-465A-A702-920D77279786}") = "P93", "P93\P93.fsproj", "{878E9ED9-73AC-4E43-8AB0-312EB00D8C3D}"
EndProject
Project("{F2A71F9B-5D33-465A-A702-920D77279786}") = "P88", "P88\P88.fsproj", "{3CD9B843-9712-46AF-BDAE-C3874C3803D9}"
EndProject
Project("{F2A71F9B-5D33-465A-A702-920D77279786}") = "P84", "P84\P84.fsproj", "{67FEC66F-2EF2-4F6B-B1FD-D7F1FB6836C5}"
EndProject
Project("{F2A71F9B-5D33-465A-A702-920D77279786}") = "P91", "P91\P91.fsproj", "{43591C58-9731-4F28-812A-CAFE081409F1}"
EndProject
Global
	GlobalSection(SolutionConfigurationPlatforms) = preSolution
		Debug|Any CPU = Debug|Any CPU
		Debug|x86 = Debug|x86
		Release|Any CPU = Release|Any CPU
		Release|x86 = Release|x86
	EndGlobalSection
	GlobalSection(ProjectConfigurationPlatforms) = postSolution
		{F50B41C6-8682-499C-A496-D20E060A392C}.Debug|Any CPU.ActiveCfg = Debug|Any CPU
		{F50B41C6-8682-499C-A496-D20E060A392C}.Debug|Any CPU.Build.0 = Debug|Any CPU
		{F50B41C6-8682-499C-A496-D20E060A392C}.Debug|x86.ActiveCfg = Debug|x86
		{F50B41C6-8682-499C-A496-D20E060A392C}.Debug|x86.Build.0 = Debug|x86
		{F50B41C6-8682-499C-A496-D20E060A392C}.Release|Any CPU.ActiveCfg = Release|Any CPU
		{F50B41C6-8682-499C-A496-D20E060A392C}.Release|Any CPU.Build.0 = Release|Any CPU
		{F50B41C6-8682-499C-A496-D20E060A392C}.Release|x86.ActiveCfg = Release|x86
		{F50B41C6-8682-499C-A496-D20E060A392C}.Release|x86.Build.0 = Release|x86
		{3CD0FDFF-B71B-448E-BDB2-B6DA4C5770B6}.Debug|Any CPU.ActiveCfg = Debug|Any CPU
		{3CD0FDFF-B71B-448E-BDB2-B6DA4C5770B6}.Debug|Any CPU.Build.0 = Debug|Any CPU
		{3CD0FDFF-B71B-448E-BDB2-B6DA4C5770B6}.Debug|x86.ActiveCfg = Debug|x86
		{3CD0FDFF-B71B-448E-BDB2-B6DA4C5770B6}.Debug|x86.Build.0 = Debug|x86
		{3CD0FDFF-B71B-448E-BDB2-B6DA4C5770B6}.Release|Any CPU.ActiveCfg = Release|Any CPU
		{3CD0FDFF-B71B-448E-BDB2-B6DA4C5770B6}.Release|Any CPU.Build.0 = Release|Any CPU
		{3CD0FDFF-B71B-448E-BDB2-B6DA4C5770B6}.Release|x86.ActiveCfg = Release|x86
		{3CD0FDFF-B71B-448E-BDB2-B6DA4C5770B6}.Release|x86.Build.0 = Release|x86
		{C36BEE9A-6575-4506-9808-F024ABAC2981}.Debug|Any CPU.ActiveCfg = Debug|Any CPU
		{C36BEE9A-6575-4506-9808-F024ABAC2981}.Debug|Any CPU.Build.0 = Debug|Any CPU
		{C36BEE9A-6575-4506-9808-F024ABAC2981}.Debug|x86.ActiveCfg = Debug|x86
		{C36BEE9A-6575-4506-9808-F024ABAC2981}.Debug|x86.Build.0 = Debug|x86
		{C36BEE9A-6575-4506-9808-F024ABAC2981}.Release|Any CPU.ActiveCfg = Release|Any CPU
		{C36BEE9A-6575-4506-9808-F024ABAC2981}.Release|Any CPU.Build.0 = Release|Any CPU
		{C36BEE9A-6575-4506-9808-F024ABAC2981}.Release|x86.ActiveCfg = Release|x86
		{C36BEE9A-6575-4506-9808-F024ABAC2981}.Release|x86.Build.0 = Release|x86
		{DA809D96-9C2F-4F74-A6EA-2B86735837C6}.Debug|Any CPU.ActiveCfg = Debug|Any CPU
		{DA809D96-9C2F-4F74-A6EA-2B86735837C6}.Debug|Any CPU.Build.0 = Debug|Any CPU
		{DA809D96-9C2F-4F74-A6EA-2B86735837C6}.Debug|x86.ActiveCfg = Debug|x86
		{DA809D96-9C2F-4F74-A6EA-2B86735837C6}.Debug|x86.Build.0 = Debug|x86
		{DA809D96-9C2F-4F74-A6EA-2B86735837C6}.Release|Any CPU.ActiveCfg = Release|Any CPU
		{DA809D96-9C2F-4F74-A6EA-2B86735837C6}.Release|Any CPU.Build.0 = Release|Any CPU
		{DA809D96-9C2F-4F74-A6EA-2B86735837C6}.Release|x86.ActiveCfg = Release|x86
		{DA809D96-9C2F-4F74-A6EA-2B86735837C6}.Release|x86.Build.0 = Release|x86
		{C8F1755F-48B0-4278-8FC4-8282A1423418}.Debug|Any CPU.ActiveCfg = Debug|Any CPU
		{C8F1755F-48B0-4278-8FC4-8282A1423418}.Debug|Any CPU.Build.0 = Debug|Any CPU
		{C8F1755F-48B0-4278-8FC4-8282A1423418}.Debug|x86.ActiveCfg = Debug|x86
		{C8F1755F-48B0-4278-8FC4-8282A1423418}.Debug|x86.Build.0 = Debug|x86
		{C8F1755F-48B0-4278-8FC4-8282A1423418}.Release|Any CPU.ActiveCfg = Release|Any CPU
		{C8F1755F-48B0-4278-8FC4-8282A1423418}.Release|Any CPU.Build.0 = Release|Any CPU
		{C8F1755F-48B0-4278-8FC4-8282A1423418}.Release|x86.ActiveCfg = Release|x86
		{C8F1755F-48B0-4278-8FC4-8282A1423418}.Release|x86.Build.0 = Release|x86
		{42BF7ACE-7643-4ABE-AF7C-0885BBA0A803}.Debug|Any CPU.ActiveCfg = Debug|Any CPU
		{42BF7ACE-7643-4ABE-AF7C-0885BBA0A803}.Debug|Any CPU.Build.0 = Debug|Any CPU
		{42BF7ACE-7643-4ABE-AF7C-0885BBA0A803}.Debug|x86.ActiveCfg = Debug|x86
		{42BF7ACE-7643-4ABE-AF7C-0885BBA0A803}.Debug|x86.Build.0 = Debug|x86
		{42BF7ACE-7643-4ABE-AF7C-0885BBA0A803}.Release|Any CPU.ActiveCfg = Release|Any CPU
		{42BF7ACE-7643-4ABE-AF7C-0885BBA0A803}.Release|Any CPU.Build.0 = Release|Any CPU
		{42BF7ACE-7643-4ABE-AF7C-0885BBA0A803}.Release|x86.ActiveCfg = Release|x86
		{42BF7ACE-7643-4ABE-AF7C-0885BBA0A803}.Release|x86.Build.0 = Release|x86
		{AFD175CD-CBAD-4924-8D05-9F1B2C46BD77}.Debug|Any CPU.ActiveCfg = Debug|Any CPU
		{AFD175CD-CBAD-4924-8D05-9F1B2C46BD77}.Debug|Any CPU.Build.0 = Debug|Any CPU
		{AFD175CD-CBAD-4924-8D05-9F1B2C46BD77}.Debug|x86.ActiveCfg = Debug|x86
		{AFD175CD-CBAD-4924-8D05-9F1B2C46BD77}.Debug|x86.Build.0 = Debug|x86
		{AFD175CD-CBAD-4924-8D05-9F1B2C46BD77}.Release|Any CPU.ActiveCfg = Release|Any CPU
		{AFD175CD-CBAD-4924-8D05-9F1B2C46BD77}.Release|Any CPU.Build.0 = Release|Any CPU
		{AFD175CD-CBAD-4924-8D05-9F1B2C46BD77}.Release|x86.ActiveCfg = Release|x86
		{AFD175CD-CBAD-4924-8D05-9F1B2C46BD77}.Release|x86.Build.0 = Release|x86
		{C83EF132-E8AA-488F-B359-39EDF4C7EC21}.Debug|Any CPU.ActiveCfg = Debug|Any CPU
		{C83EF132-E8AA-488F-B359-39EDF4C7EC21}.Debug|Any CPU.Build.0 = Debug|Any CPU
		{C83EF132-E8AA-488F-B359-39EDF4C7EC21}.Debug|x86.ActiveCfg = Debug|x86
		{C83EF132-E8AA-488F-B359-39EDF4C7EC21}.Debug|x86.Build.0 = Debug|x86
		{C83EF132-E8AA-488F-B359-39EDF4C7EC21}.Release|Any CPU.ActiveCfg = Release|Any CPU
		{C83EF132-E8AA-488F-B359-39EDF4C7EC21}.Release|Any CPU.Build.0 = Release|Any CPU
		{C83EF132-E8AA-488F-B359-39EDF4C7EC21}.Release|x86.ActiveCfg = Release|x86
		{C83EF132-E8AA-488F-B359-39EDF4C7EC21}.Release|x86.Build.0 = Release|x86
		{735E734E-EF94-4F6F-9AAB-458B5F3D28DA}.Debug|Any CPU.ActiveCfg = Debug|Any CPU
		{735E734E-EF94-4F6F-9AAB-458B5F3D28DA}.Debug|Any CPU.Build.0 = Debug|Any CPU
		{735E734E-EF94-4F6F-9AAB-458B5F3D28DA}.Debug|x86.ActiveCfg = Debug|x86
		{735E734E-EF94-4F6F-9AAB-458B5F3D28DA}.Debug|x86.Build.0 = Debug|x86
		{735E734E-EF94-4F6F-9AAB-458B5F3D28DA}.Release|Any CPU.ActiveCfg = Release|Any CPU
		{735E734E-EF94-4F6F-9AAB-458B5F3D28DA}.Release|Any CPU.Build.0 = Release|Any CPU
		{735E734E-EF94-4F6F-9AAB-458B5F3D28DA}.Release|x86.ActiveCfg = Release|x86
		{735E734E-EF94-4F6F-9AAB-458B5F3D28DA}.Release|x86.Build.0 = Release|x86
		{7C1F242D-E717-4723-AE60-81FA0905C0F1}.Debug|Any CPU.ActiveCfg = Debug|Any CPU
		{7C1F242D-E717-4723-AE60-81FA0905C0F1}.Debug|Any CPU.Build.0 = Debug|Any CPU
		{7C1F242D-E717-4723-AE60-81FA0905C0F1}.Debug|x86.ActiveCfg = Debug|x86
		{7C1F242D-E717-4723-AE60-81FA0905C0F1}.Debug|x86.Build.0 = Debug|x86
		{7C1F242D-E717-4723-AE60-81FA0905C0F1}.Release|Any CPU.ActiveCfg = Release|Any CPU
		{7C1F242D-E717-4723-AE60-81FA0905C0F1}.Release|Any CPU.Build.0 = Release|Any CPU
		{7C1F242D-E717-4723-AE60-81FA0905C0F1}.Release|x86.ActiveCfg = Release|x86
		{7C1F242D-E717-4723-AE60-81FA0905C0F1}.Release|x86.Build.0 = Release|x86
		{C106F5F2-1ED0-4F67-A48A-985D95E14381}.Debug|Any CPU.ActiveCfg = Debug|Any CPU
		{C106F5F2-1ED0-4F67-A48A-985D95E14381}.Debug|Any CPU.Build.0 = Debug|Any CPU
		{C106F5F2-1ED0-4F67-A48A-985D95E14381}.Debug|x86.ActiveCfg = Debug|x86
		{C106F5F2-1ED0-4F67-A48A-985D95E14381}.Debug|x86.Build.0 = Debug|x86
		{C106F5F2-1ED0-4F67-A48A-985D95E14381}.Release|Any CPU.ActiveCfg = Release|Any CPU
		{C106F5F2-1ED0-4F67-A48A-985D95E14381}.Release|Any CPU.Build.0 = Release|Any CPU
		{C106F5F2-1ED0-4F67-A48A-985D95E14381}.Release|x86.ActiveCfg = Release|x86
		{C106F5F2-1ED0-4F67-A48A-985D95E14381}.Release|x86.Build.0 = Release|x86
		{8D664B1D-DCF0-49F0-A6A4-A9B1914FB0F0}.Debug|Any CPU.ActiveCfg = Debug|Any CPU
		{8D664B1D-DCF0-49F0-A6A4-A9B1914FB0F0}.Debug|Any CPU.Build.0 = Debug|Any CPU
		{8D664B1D-DCF0-49F0-A6A4-A9B1914FB0F0}.Debug|x86.ActiveCfg = Debug|x86
		{8D664B1D-DCF0-49F0-A6A4-A9B1914FB0F0}.Debug|x86.Build.0 = Debug|x86
		{8D664B1D-DCF0-49F0-A6A4-A9B1914FB0F0}.Release|Any CPU.ActiveCfg = Release|Any CPU
		{8D664B1D-DCF0-49F0-A6A4-A9B1914FB0F0}.Release|Any CPU.Build.0 = Release|Any CPU
		{8D664B1D-DCF0-49F0-A6A4-A9B1914FB0F0}.Release|x86.ActiveCfg = Release|x86
		{8D664B1D-DCF0-49F0-A6A4-A9B1914FB0F0}.Release|x86.Build.0 = Release|x86
		{0D464942-9188-4927-9877-3507729F2944}.Debug|Any CPU.ActiveCfg = Debug|Any CPU
		{0D464942-9188-4927-9877-3507729F2944}.Debug|Any CPU.Build.0 = Debug|Any CPU
		{0D464942-9188-4927-9877-3507729F2944}.Debug|x86.ActiveCfg = Debug|x86
		{0D464942-9188-4927-9877-3507729F2944}.Debug|x86.Build.0 = Debug|x86
		{0D464942-9188-4927-9877-3507729F2944}.Release|Any CPU.ActiveCfg = Release|Any CPU
		{0D464942-9188-4927-9877-3507729F2944}.Release|Any CPU.Build.0 = Release|Any CPU
		{0D464942-9188-4927-9877-3507729F2944}.Release|x86.ActiveCfg = Release|x86
		{0D464942-9188-4927-9877-3507729F2944}.Release|x86.Build.0 = Release|x86
		{C19EACFD-A394-44C5-B6CF-CF9B7FA0A9F3}.Debug|Any CPU.ActiveCfg = Debug|Any CPU
		{C19EACFD-A394-44C5-B6CF-CF9B7FA0A9F3}.Debug|Any CPU.Build.0 = Debug|Any CPU
		{C19EACFD-A394-44C5-B6CF-CF9B7FA0A9F3}.Debug|x86.ActiveCfg = Debug|x86
		{C19EACFD-A394-44C5-B6CF-CF9B7FA0A9F3}.Debug|x86.Build.0 = Debug|x86
		{C19EACFD-A394-44C5-B6CF-CF9B7FA0A9F3}.Release|Any CPU.ActiveCfg = Release|Any CPU
		{C19EACFD-A394-44C5-B6CF-CF9B7FA0A9F3}.Release|Any CPU.Build.0 = Release|Any CPU
		{C19EACFD-A394-44C5-B6CF-CF9B7FA0A9F3}.Release|x86.ActiveCfg = Release|x86
		{C19EACFD-A394-44C5-B6CF-CF9B7FA0A9F3}.Release|x86.Build.0 = Release|x86
		{8B984522-DE0D-4B61-88F5-CAB906C84AF7}.Debug|Any CPU.ActiveCfg = Debug|Any CPU
		{8B984522-DE0D-4B61-88F5-CAB906C84AF7}.Debug|Any CPU.Build.0 = Debug|Any CPU
		{8B984522-DE0D-4B61-88F5-CAB906C84AF7}.Debug|x86.ActiveCfg = Debug|x86
		{8B984522-DE0D-4B61-88F5-CAB906C84AF7}.Debug|x86.Build.0 = Debug|x86
		{8B984522-DE0D-4B61-88F5-CAB906C84AF7}.Release|Any CPU.ActiveCfg = Release|Any CPU
		{8B984522-DE0D-4B61-88F5-CAB906C84AF7}.Release|Any CPU.Build.0 = Release|Any CPU
		{8B984522-DE0D-4B61-88F5-CAB906C84AF7}.Release|x86.ActiveCfg = Release|x86
		{8B984522-DE0D-4B61-88F5-CAB906C84AF7}.Release|x86.Build.0 = Release|x86
		{D1268DE6-88D0-42D0-AFC6-6D5F80F64F29}.Debug|Any CPU.ActiveCfg = Debug|Any CPU
		{D1268DE6-88D0-42D0-AFC6-6D5F80F64F29}.Debug|Any CPU.Build.0 = Debug|Any CPU
		{D1268DE6-88D0-42D0-AFC6-6D5F80F64F29}.Debug|x86.ActiveCfg = Debug|x86
		{D1268DE6-88D0-42D0-AFC6-6D5F80F64F29}.Debug|x86.Build.0 = Debug|x86
		{D1268DE6-88D0-42D0-AFC6-6D5F80F64F29}.Release|Any CPU.ActiveCfg = Release|Any CPU
		{D1268DE6-88D0-42D0-AFC6-6D5F80F64F29}.Release|Any CPU.Build.0 = Release|Any CPU
		{D1268DE6-88D0-42D0-AFC6-6D5F80F64F29}.Release|x86.ActiveCfg = Release|x86
		{D1268DE6-88D0-42D0-AFC6-6D5F80F64F29}.Release|x86.Build.0 = Release|x86
		{598D9E10-E386-48CF-9FB8-5406D39E1DBF}.Debug|Any CPU.ActiveCfg = Debug|Any CPU
		{598D9E10-E386-48CF-9FB8-5406D39E1DBF}.Debug|Any CPU.Build.0 = Debug|Any CPU
		{598D9E10-E386-48CF-9FB8-5406D39E1DBF}.Debug|x86.ActiveCfg = Debug|x86
		{598D9E10-E386-48CF-9FB8-5406D39E1DBF}.Debug|x86.Build.0 = Debug|x86
		{598D9E10-E386-48CF-9FB8-5406D39E1DBF}.Release|Any CPU.ActiveCfg = Release|Any CPU
		{598D9E10-E386-48CF-9FB8-5406D39E1DBF}.Release|Any CPU.Build.0 = Release|Any CPU
		{598D9E10-E386-48CF-9FB8-5406D39E1DBF}.Release|x86.ActiveCfg = Release|x86
		{598D9E10-E386-48CF-9FB8-5406D39E1DBF}.Release|x86.Build.0 = Release|x86
		{605725B8-D342-47EE-8383-A2F37A420A33}.Debug|Any CPU.ActiveCfg = Debug|Any CPU
		{605725B8-D342-47EE-8383-A2F37A420A33}.Debug|Any CPU.Build.0 = Debug|Any CPU
		{605725B8-D342-47EE-8383-A2F37A420A33}.Debug|x86.ActiveCfg = Debug|x86
		{605725B8-D342-47EE-8383-A2F37A420A33}.Debug|x86.Build.0 = Debug|x86
		{605725B8-D342-47EE-8383-A2F37A420A33}.Release|Any CPU.ActiveCfg = Release|Any CPU
		{605725B8-D342-47EE-8383-A2F37A420A33}.Release|Any CPU.Build.0 = Release|Any CPU
		{605725B8-D342-47EE-8383-A2F37A420A33}.Release|x86.ActiveCfg = Release|x86
		{605725B8-D342-47EE-8383-A2F37A420A33}.Release|x86.Build.0 = Release|x86
		{FA84CFEF-E710-4E9D-AB2D-AD3A40586A63}.Debug|Any CPU.ActiveCfg = Debug|Any CPU
		{FA84CFEF-E710-4E9D-AB2D-AD3A40586A63}.Debug|Any CPU.Build.0 = Debug|Any CPU
		{FA84CFEF-E710-4E9D-AB2D-AD3A40586A63}.Debug|x86.ActiveCfg = Debug|x86
		{FA84CFEF-E710-4E9D-AB2D-AD3A40586A63}.Debug|x86.Build.0 = Debug|x86
		{FA84CFEF-E710-4E9D-AB2D-AD3A40586A63}.Release|Any CPU.ActiveCfg = Release|Any CPU
		{FA84CFEF-E710-4E9D-AB2D-AD3A40586A63}.Release|Any CPU.Build.0 = Release|Any CPU
		{FA84CFEF-E710-4E9D-AB2D-AD3A40586A63}.Release|x86.ActiveCfg = Release|x86
		{FA84CFEF-E710-4E9D-AB2D-AD3A40586A63}.Release|x86.Build.0 = Release|x86
		{40487E26-8FDE-4C2B-926B-5A87B3749F5B}.Debug|Any CPU.ActiveCfg = Debug|Any CPU
		{40487E26-8FDE-4C2B-926B-5A87B3749F5B}.Debug|Any CPU.Build.0 = Debug|Any CPU
		{40487E26-8FDE-4C2B-926B-5A87B3749F5B}.Debug|x86.ActiveCfg = Debug|x86
		{40487E26-8FDE-4C2B-926B-5A87B3749F5B}.Debug|x86.Build.0 = Debug|x86
		{40487E26-8FDE-4C2B-926B-5A87B3749F5B}.Release|Any CPU.ActiveCfg = Release|Any CPU
		{40487E26-8FDE-4C2B-926B-5A87B3749F5B}.Release|Any CPU.Build.0 = Release|Any CPU
		{40487E26-8FDE-4C2B-926B-5A87B3749F5B}.Release|x86.ActiveCfg = Release|x86
		{40487E26-8FDE-4C2B-926B-5A87B3749F5B}.Release|x86.Build.0 = Release|x86
		{2DA0C29D-32AE-441E-A3E3-5E99EC473E49}.Debug|Any CPU.ActiveCfg = Debug|Any CPU
		{2DA0C29D-32AE-441E-A3E3-5E99EC473E49}.Debug|Any CPU.Build.0 = Debug|Any CPU
		{2DA0C29D-32AE-441E-A3E3-5E99EC473E49}.Debug|x86.ActiveCfg = Debug|x86
		{2DA0C29D-32AE-441E-A3E3-5E99EC473E49}.Debug|x86.Build.0 = Debug|x86
		{2DA0C29D-32AE-441E-A3E3-5E99EC473E49}.Release|Any CPU.ActiveCfg = Release|Any CPU
		{2DA0C29D-32AE-441E-A3E3-5E99EC473E49}.Release|Any CPU.Build.0 = Release|Any CPU
		{2DA0C29D-32AE-441E-A3E3-5E99EC473E49}.Release|x86.ActiveCfg = Release|x86
		{2DA0C29D-32AE-441E-A3E3-5E99EC473E49}.Release|x86.Build.0 = Release|x86
		{7F463DB4-2DC1-4077-9627-C455B003EEBE}.Debug|Any CPU.ActiveCfg = Debug|Any CPU
		{7F463DB4-2DC1-4077-9627-C455B003EEBE}.Debug|Any CPU.Build.0 = Debug|Any CPU
		{7F463DB4-2DC1-4077-9627-C455B003EEBE}.Debug|x86.ActiveCfg = Debug|x86
		{7F463DB4-2DC1-4077-9627-C455B003EEBE}.Debug|x86.Build.0 = Debug|x86
		{7F463DB4-2DC1-4077-9627-C455B003EEBE}.Release|Any CPU.ActiveCfg = Release|Any CPU
		{7F463DB4-2DC1-4077-9627-C455B003EEBE}.Release|Any CPU.Build.0 = Release|Any CPU
		{7F463DB4-2DC1-4077-9627-C455B003EEBE}.Release|x86.ActiveCfg = Release|x86
		{7F463DB4-2DC1-4077-9627-C455B003EEBE}.Release|x86.Build.0 = Release|x86
		{9F6BABCE-4679-4C90-9E6A-9BC712E081D6}.Debug|Any CPU.ActiveCfg = Debug|Any CPU
		{9F6BABCE-4679-4C90-9E6A-9BC712E081D6}.Debug|Any CPU.Build.0 = Debug|Any CPU
		{9F6BABCE-4679-4C90-9E6A-9BC712E081D6}.Debug|x86.ActiveCfg = Debug|x86
		{9F6BABCE-4679-4C90-9E6A-9BC712E081D6}.Debug|x86.Build.0 = Debug|x86
		{9F6BABCE-4679-4C90-9E6A-9BC712E081D6}.Release|Any CPU.ActiveCfg = Release|Any CPU
		{9F6BABCE-4679-4C90-9E6A-9BC712E081D6}.Release|Any CPU.Build.0 = Release|Any CPU
		{9F6BABCE-4679-4C90-9E6A-9BC712E081D6}.Release|x86.ActiveCfg = Release|x86
		{9F6BABCE-4679-4C90-9E6A-9BC712E081D6}.Release|x86.Build.0 = Release|x86
		{0F84A6D2-2D9F-4A5D-B7B9-3309A3C345B4}.Debug|Any CPU.ActiveCfg = Debug|Any CPU
		{0F84A6D2-2D9F-4A5D-B7B9-3309A3C345B4}.Debug|Any CPU.Build.0 = Debug|Any CPU
		{0F84A6D2-2D9F-4A5D-B7B9-3309A3C345B4}.Debug|x86.ActiveCfg = Debug|x86
		{0F84A6D2-2D9F-4A5D-B7B9-3309A3C345B4}.Debug|x86.Build.0 = Debug|x86
		{0F84A6D2-2D9F-4A5D-B7B9-3309A3C345B4}.Release|Any CPU.ActiveCfg = Release|Any CPU
		{0F84A6D2-2D9F-4A5D-B7B9-3309A3C345B4}.Release|Any CPU.Build.0 = Release|Any CPU
		{0F84A6D2-2D9F-4A5D-B7B9-3309A3C345B4}.Release|x86.ActiveCfg = Release|x86
		{0F84A6D2-2D9F-4A5D-B7B9-3309A3C345B4}.Release|x86.Build.0 = Release|x86
		{3871B4FB-E16F-4D59-9E6F-AE05A20478F1}.Debug|Any CPU.ActiveCfg = Debug|Any CPU
		{3871B4FB-E16F-4D59-9E6F-AE05A20478F1}.Debug|Any CPU.Build.0 = Debug|Any CPU
		{3871B4FB-E16F-4D59-9E6F-AE05A20478F1}.Debug|x86.ActiveCfg = Debug|x86
		{3871B4FB-E16F-4D59-9E6F-AE05A20478F1}.Debug|x86.Build.0 = Debug|x86
		{3871B4FB-E16F-4D59-9E6F-AE05A20478F1}.Release|Any CPU.ActiveCfg = Release|Any CPU
		{3871B4FB-E16F-4D59-9E6F-AE05A20478F1}.Release|Any CPU.Build.0 = Release|Any CPU
		{3871B4FB-E16F-4D59-9E6F-AE05A20478F1}.Release|x86.ActiveCfg = Release|x86
		{3871B4FB-E16F-4D59-9E6F-AE05A20478F1}.Release|x86.Build.0 = Release|x86
		{9DD2B8FC-F35A-41ED-8771-E3BE2C0D2C11}.Debug|Any CPU.ActiveCfg = Debug|Any CPU
		{9DD2B8FC-F35A-41ED-8771-E3BE2C0D2C11}.Debug|Any CPU.Build.0 = Debug|Any CPU
		{9DD2B8FC-F35A-41ED-8771-E3BE2C0D2C11}.Debug|x86.ActiveCfg = Debug|x86
		{9DD2B8FC-F35A-41ED-8771-E3BE2C0D2C11}.Debug|x86.Build.0 = Debug|x86
		{9DD2B8FC-F35A-41ED-8771-E3BE2C0D2C11}.Release|Any CPU.ActiveCfg = Release|Any CPU
		{9DD2B8FC-F35A-41ED-8771-E3BE2C0D2C11}.Release|Any CPU.Build.0 = Release|Any CPU
		{9DD2B8FC-F35A-41ED-8771-E3BE2C0D2C11}.Release|x86.ActiveCfg = Release|x86
		{9DD2B8FC-F35A-41ED-8771-E3BE2C0D2C11}.Release|x86.Build.0 = Release|x86
		{2E4136A2-504B-4D68-8687-0CC2C6452173}.Debug|Any CPU.ActiveCfg = Debug|Any CPU
		{2E4136A2-504B-4D68-8687-0CC2C6452173}.Debug|Any CPU.Build.0 = Debug|Any CPU
		{2E4136A2-504B-4D68-8687-0CC2C6452173}.Debug|x86.ActiveCfg = Debug|x86
		{2E4136A2-504B-4D68-8687-0CC2C6452173}.Debug|x86.Build.0 = Debug|x86
		{2E4136A2-504B-4D68-8687-0CC2C6452173}.Release|Any CPU.ActiveCfg = Release|Any CPU
		{2E4136A2-504B-4D68-8687-0CC2C6452173}.Release|Any CPU.Build.0 = Release|Any CPU
		{2E4136A2-504B-4D68-8687-0CC2C6452173}.Release|x86.ActiveCfg = Release|x86
		{2E4136A2-504B-4D68-8687-0CC2C6452173}.Release|x86.Build.0 = Release|x86
		{38E35BCD-7E38-4BB2-AEED-9F9830996A21}.Debug|Any CPU.ActiveCfg = Debug|Any CPU
		{38E35BCD-7E38-4BB2-AEED-9F9830996A21}.Debug|Any CPU.Build.0 = Debug|Any CPU
		{38E35BCD-7E38-4BB2-AEED-9F9830996A21}.Debug|x86.ActiveCfg = Debug|x86
		{38E35BCD-7E38-4BB2-AEED-9F9830996A21}.Debug|x86.Build.0 = Debug|x86
		{38E35BCD-7E38-4BB2-AEED-9F9830996A21}.Release|Any CPU.ActiveCfg = Release|Any CPU
		{38E35BCD-7E38-4BB2-AEED-9F9830996A21}.Release|Any CPU.Build.0 = Release|Any CPU
		{38E35BCD-7E38-4BB2-AEED-9F9830996A21}.Release|x86.ActiveCfg = Release|x86
		{38E35BCD-7E38-4BB2-AEED-9F9830996A21}.Release|x86.Build.0 = Release|x86
		{EA83A3F6-A8D7-4540-A556-2DA55F556E86}.Debug|Any CPU.ActiveCfg = Debug|Any CPU
		{EA83A3F6-A8D7-4540-A556-2DA55F556E86}.Debug|Any CPU.Build.0 = Debug|Any CPU
		{EA83A3F6-A8D7-4540-A556-2DA55F556E86}.Debug|x86.ActiveCfg = Debug|x86
		{EA83A3F6-A8D7-4540-A556-2DA55F556E86}.Debug|x86.Build.0 = Debug|x86
		{EA83A3F6-A8D7-4540-A556-2DA55F556E86}.Release|Any CPU.ActiveCfg = Release|Any CPU
		{EA83A3F6-A8D7-4540-A556-2DA55F556E86}.Release|Any CPU.Build.0 = Release|Any CPU
		{EA83A3F6-A8D7-4540-A556-2DA55F556E86}.Release|x86.ActiveCfg = Release|x86
		{EA83A3F6-A8D7-4540-A556-2DA55F556E86}.Release|x86.Build.0 = Release|x86
		{99ABFDB1-3C06-448D-96BD-279769A7111C}.Debug|Any CPU.ActiveCfg = Debug|Any CPU
		{99ABFDB1-3C06-448D-96BD-279769A7111C}.Debug|Any CPU.Build.0 = Debug|Any CPU
		{99ABFDB1-3C06-448D-96BD-279769A7111C}.Debug|x86.ActiveCfg = Debug|x86
		{99ABFDB1-3C06-448D-96BD-279769A7111C}.Debug|x86.Build.0 = Debug|x86
		{99ABFDB1-3C06-448D-96BD-279769A7111C}.Release|Any CPU.ActiveCfg = Release|Any CPU
		{99ABFDB1-3C06-448D-96BD-279769A7111C}.Release|Any CPU.Build.0 = Release|Any CPU
		{99ABFDB1-3C06-448D-96BD-279769A7111C}.Release|x86.ActiveCfg = Release|x86
		{99ABFDB1-3C06-448D-96BD-279769A7111C}.Release|x86.Build.0 = Release|x86
		{30FC1A83-9E0B-4A38-96E8-0B69FE95AFED}.Debug|Any CPU.ActiveCfg = Debug|Any CPU
		{30FC1A83-9E0B-4A38-96E8-0B69FE95AFED}.Debug|Any CPU.Build.0 = Debug|Any CPU
		{30FC1A83-9E0B-4A38-96E8-0B69FE95AFED}.Debug|x86.ActiveCfg = Debug|x86
		{30FC1A83-9E0B-4A38-96E8-0B69FE95AFED}.Debug|x86.Build.0 = Debug|x86
		{30FC1A83-9E0B-4A38-96E8-0B69FE95AFED}.Release|Any CPU.ActiveCfg = Release|Any CPU
		{30FC1A83-9E0B-4A38-96E8-0B69FE95AFED}.Release|Any CPU.Build.0 = Release|Any CPU
		{30FC1A83-9E0B-4A38-96E8-0B69FE95AFED}.Release|x86.ActiveCfg = Release|x86
		{30FC1A83-9E0B-4A38-96E8-0B69FE95AFED}.Release|x86.Build.0 = Release|x86
		{995185FD-1078-4049-8A8C-4A1953A91E13}.Debug|Any CPU.ActiveCfg = Debug|Any CPU
		{995185FD-1078-4049-8A8C-4A1953A91E13}.Debug|Any CPU.Build.0 = Debug|Any CPU
		{995185FD-1078-4049-8A8C-4A1953A91E13}.Debug|x86.ActiveCfg = Debug|x86
		{995185FD-1078-4049-8A8C-4A1953A91E13}.Debug|x86.Build.0 = Debug|x86
		{995185FD-1078-4049-8A8C-4A1953A91E13}.Release|Any CPU.ActiveCfg = Release|Any CPU
		{995185FD-1078-4049-8A8C-4A1953A91E13}.Release|Any CPU.Build.0 = Release|Any CPU
		{995185FD-1078-4049-8A8C-4A1953A91E13}.Release|x86.ActiveCfg = Release|x86
		{995185FD-1078-4049-8A8C-4A1953A91E13}.Release|x86.Build.0 = Release|x86
		{A66AD654-1A0F-41FC-81B2-49F01B03E005}.Debug|Any CPU.ActiveCfg = Debug|Any CPU
		{A66AD654-1A0F-41FC-81B2-49F01B03E005}.Debug|Any CPU.Build.0 = Debug|Any CPU
		{A66AD654-1A0F-41FC-81B2-49F01B03E005}.Debug|x86.ActiveCfg = Debug|x86
		{A66AD654-1A0F-41FC-81B2-49F01B03E005}.Debug|x86.Build.0 = Debug|x86
		{A66AD654-1A0F-41FC-81B2-49F01B03E005}.Release|Any CPU.ActiveCfg = Release|Any CPU
		{A66AD654-1A0F-41FC-81B2-49F01B03E005}.Release|Any CPU.Build.0 = Release|Any CPU
		{A66AD654-1A0F-41FC-81B2-49F01B03E005}.Release|x86.ActiveCfg = Release|x86
		{A66AD654-1A0F-41FC-81B2-49F01B03E005}.Release|x86.Build.0 = Release|x86
		{78B38E7A-1999-422A-8BC6-DAC47F965E66}.Debug|Any CPU.ActiveCfg = Debug|Any CPU
		{78B38E7A-1999-422A-8BC6-DAC47F965E66}.Debug|Any CPU.Build.0 = Debug|Any CPU
		{78B38E7A-1999-422A-8BC6-DAC47F965E66}.Debug|x86.ActiveCfg = Debug|x86
		{78B38E7A-1999-422A-8BC6-DAC47F965E66}.Debug|x86.Build.0 = Debug|x86
		{78B38E7A-1999-422A-8BC6-DAC47F965E66}.Release|Any CPU.ActiveCfg = Release|Any CPU
		{78B38E7A-1999-422A-8BC6-DAC47F965E66}.Release|Any CPU.Build.0 = Release|Any CPU
		{78B38E7A-1999-422A-8BC6-DAC47F965E66}.Release|x86.ActiveCfg = Release|x86
		{78B38E7A-1999-422A-8BC6-DAC47F965E66}.Release|x86.Build.0 = Release|x86
		{0CB3960D-5BBE-4B12-BA8B-F1942B9C84A0}.Debug|Any CPU.ActiveCfg = Debug|Any CPU
		{0CB3960D-5BBE-4B12-BA8B-F1942B9C84A0}.Debug|Any CPU.Build.0 = Debug|Any CPU
		{0CB3960D-5BBE-4B12-BA8B-F1942B9C84A0}.Debug|x86.ActiveCfg = Debug|x86
		{0CB3960D-5BBE-4B12-BA8B-F1942B9C84A0}.Debug|x86.Build.0 = Debug|x86
		{0CB3960D-5BBE-4B12-BA8B-F1942B9C84A0}.Release|Any CPU.ActiveCfg = Release|Any CPU
		{0CB3960D-5BBE-4B12-BA8B-F1942B9C84A0}.Release|Any CPU.Build.0 = Release|Any CPU
		{0CB3960D-5BBE-4B12-BA8B-F1942B9C84A0}.Release|x86.ActiveCfg = Release|x86
		{0CB3960D-5BBE-4B12-BA8B-F1942B9C84A0}.Release|x86.Build.0 = Release|x86
		{C4005119-E877-43D7-BDE2-C45C51E82B7A}.Debug|Any CPU.ActiveCfg = Debug|Any CPU
		{C4005119-E877-43D7-BDE2-C45C51E82B7A}.Debug|Any CPU.Build.0 = Debug|Any CPU
		{C4005119-E877-43D7-BDE2-C45C51E82B7A}.Debug|x86.ActiveCfg = Debug|x86
		{C4005119-E877-43D7-BDE2-C45C51E82B7A}.Debug|x86.Build.0 = Debug|x86
		{C4005119-E877-43D7-BDE2-C45C51E82B7A}.Release|Any CPU.ActiveCfg = Release|Any CPU
		{C4005119-E877-43D7-BDE2-C45C51E82B7A}.Release|Any CPU.Build.0 = Release|Any CPU
		{C4005119-E877-43D7-BDE2-C45C51E82B7A}.Release|x86.ActiveCfg = Release|x86
		{C4005119-E877-43D7-BDE2-C45C51E82B7A}.Release|x86.Build.0 = Release|x86
		{A7B03CC1-D64A-4827-83C6-A04FAE4306BA}.Debug|Any CPU.ActiveCfg = Debug|Any CPU
		{A7B03CC1-D64A-4827-83C6-A04FAE4306BA}.Debug|Any CPU.Build.0 = Debug|Any CPU
		{A7B03CC1-D64A-4827-83C6-A04FAE4306BA}.Debug|x86.ActiveCfg = Debug|x86
		{A7B03CC1-D64A-4827-83C6-A04FAE4306BA}.Debug|x86.Build.0 = Debug|x86
		{A7B03CC1-D64A-4827-83C6-A04FAE4306BA}.Release|Any CPU.ActiveCfg = Release|Any CPU
		{A7B03CC1-D64A-4827-83C6-A04FAE4306BA}.Release|Any CPU.Build.0 = Release|Any CPU
		{A7B03CC1-D64A-4827-83C6-A04FAE4306BA}.Release|x86.ActiveCfg = Release|x86
		{A7B03CC1-D64A-4827-83C6-A04FAE4306BA}.Release|x86.Build.0 = Release|x86
		{FE1BAA2B-8C28-4A86-8B30-E78035263DFB}.Debug|Any CPU.ActiveCfg = Debug|Any CPU
		{FE1BAA2B-8C28-4A86-8B30-E78035263DFB}.Debug|Any CPU.Build.0 = Debug|Any CPU
		{FE1BAA2B-8C28-4A86-8B30-E78035263DFB}.Debug|x86.ActiveCfg = Debug|x86
		{FE1BAA2B-8C28-4A86-8B30-E78035263DFB}.Debug|x86.Build.0 = Debug|x86
		{FE1BAA2B-8C28-4A86-8B30-E78035263DFB}.Release|Any CPU.ActiveCfg = Release|Any CPU
		{FE1BAA2B-8C28-4A86-8B30-E78035263DFB}.Release|Any CPU.Build.0 = Release|Any CPU
		{FE1BAA2B-8C28-4A86-8B30-E78035263DFB}.Release|x86.ActiveCfg = Release|x86
		{FE1BAA2B-8C28-4A86-8B30-E78035263DFB}.Release|x86.Build.0 = Release|x86
		{37B6B861-A9E5-47DB-A58E-994A1ED6249B}.Debug|Any CPU.ActiveCfg = Debug|Any CPU
		{37B6B861-A9E5-47DB-A58E-994A1ED6249B}.Debug|Any CPU.Build.0 = Debug|Any CPU
		{37B6B861-A9E5-47DB-A58E-994A1ED6249B}.Debug|x86.ActiveCfg = Debug|x86
		{37B6B861-A9E5-47DB-A58E-994A1ED6249B}.Debug|x86.Build.0 = Debug|x86
		{37B6B861-A9E5-47DB-A58E-994A1ED6249B}.Release|Any CPU.ActiveCfg = Release|Any CPU
		{37B6B861-A9E5-47DB-A58E-994A1ED6249B}.Release|Any CPU.Build.0 = Release|Any CPU
		{37B6B861-A9E5-47DB-A58E-994A1ED6249B}.Release|x86.ActiveCfg = Release|x86
		{37B6B861-A9E5-47DB-A58E-994A1ED6249B}.Release|x86.Build.0 = Release|x86
		{6667C9D2-80D7-449F-B080-4CC26AFC61D4}.Debug|Any CPU.ActiveCfg = Debug|Any CPU
		{6667C9D2-80D7-449F-B080-4CC26AFC61D4}.Debug|Any CPU.Build.0 = Debug|Any CPU
		{6667C9D2-80D7-449F-B080-4CC26AFC61D4}.Debug|x86.ActiveCfg = Debug|x86
		{6667C9D2-80D7-449F-B080-4CC26AFC61D4}.Debug|x86.Build.0 = Debug|x86
		{6667C9D2-80D7-449F-B080-4CC26AFC61D4}.Release|Any CPU.ActiveCfg = Release|Any CPU
		{6667C9D2-80D7-449F-B080-4CC26AFC61D4}.Release|Any CPU.Build.0 = Release|Any CPU
		{6667C9D2-80D7-449F-B080-4CC26AFC61D4}.Release|x86.ActiveCfg = Release|x86
		{6667C9D2-80D7-449F-B080-4CC26AFC61D4}.Release|x86.Build.0 = Release|x86
		{F1AB9D84-5398-4033-9400-055D65FABF8A}.Debug|Any CPU.ActiveCfg = Debug|Any CPU
		{F1AB9D84-5398-4033-9400-055D65FABF8A}.Debug|Any CPU.Build.0 = Debug|Any CPU
		{F1AB9D84-5398-4033-9400-055D65FABF8A}.Debug|x86.ActiveCfg = Debug|x86
		{F1AB9D84-5398-4033-9400-055D65FABF8A}.Debug|x86.Build.0 = Debug|x86
		{F1AB9D84-5398-4033-9400-055D65FABF8A}.Release|Any CPU.ActiveCfg = Release|Any CPU
		{F1AB9D84-5398-4033-9400-055D65FABF8A}.Release|Any CPU.Build.0 = Release|Any CPU
		{F1AB9D84-5398-4033-9400-055D65FABF8A}.Release|x86.ActiveCfg = Release|x86
		{F1AB9D84-5398-4033-9400-055D65FABF8A}.Release|x86.Build.0 = Release|x86
		{95320E20-550D-421F-BBA5-287DF093628C}.Debug|Any CPU.ActiveCfg = Debug|Any CPU
		{95320E20-550D-421F-BBA5-287DF093628C}.Debug|Any CPU.Build.0 = Debug|Any CPU
		{95320E20-550D-421F-BBA5-287DF093628C}.Debug|x86.ActiveCfg = Debug|x86
		{95320E20-550D-421F-BBA5-287DF093628C}.Debug|x86.Build.0 = Debug|x86
		{95320E20-550D-421F-BBA5-287DF093628C}.Release|Any CPU.ActiveCfg = Release|Any CPU
		{95320E20-550D-421F-BBA5-287DF093628C}.Release|Any CPU.Build.0 = Release|Any CPU
		{95320E20-550D-421F-BBA5-287DF093628C}.Release|x86.ActiveCfg = Release|x86
		{95320E20-550D-421F-BBA5-287DF093628C}.Release|x86.Build.0 = Release|x86
		{FEEB17E1-880C-4724-8DD2-7247524C64C6}.Debug|Any CPU.ActiveCfg = Debug|Any CPU
		{FEEB17E1-880C-4724-8DD2-7247524C64C6}.Debug|Any CPU.Build.0 = Debug|Any CPU
		{FEEB17E1-880C-4724-8DD2-7247524C64C6}.Debug|x86.ActiveCfg = Debug|x86
		{FEEB17E1-880C-4724-8DD2-7247524C64C6}.Debug|x86.Build.0 = Debug|x86
		{FEEB17E1-880C-4724-8DD2-7247524C64C6}.Release|Any CPU.ActiveCfg = Release|Any CPU
		{FEEB17E1-880C-4724-8DD2-7247524C64C6}.Release|Any CPU.Build.0 = Release|Any CPU
		{FEEB17E1-880C-4724-8DD2-7247524C64C6}.Release|x86.ActiveCfg = Release|x86
		{FEEB17E1-880C-4724-8DD2-7247524C64C6}.Release|x86.Build.0 = Release|x86
		{413BBD16-D805-4777-A27D-761516CA7022}.Debug|Any CPU.ActiveCfg = Debug|Any CPU
		{413BBD16-D805-4777-A27D-761516CA7022}.Debug|Any CPU.Build.0 = Debug|Any CPU
		{413BBD16-D805-4777-A27D-761516CA7022}.Debug|x86.ActiveCfg = Debug|x86
		{413BBD16-D805-4777-A27D-761516CA7022}.Debug|x86.Build.0 = Debug|x86
		{413BBD16-D805-4777-A27D-761516CA7022}.Release|Any CPU.ActiveCfg = Release|Any CPU
		{413BBD16-D805-4777-A27D-761516CA7022}.Release|Any CPU.Build.0 = Release|Any CPU
		{413BBD16-D805-4777-A27D-761516CA7022}.Release|x86.ActiveCfg = Release|x86
		{413BBD16-D805-4777-A27D-761516CA7022}.Release|x86.Build.0 = Release|x86
		{37989F2E-7AF5-43C3-BD38-4805B3012FF7}.Debug|Any CPU.ActiveCfg = Debug|Any CPU
		{37989F2E-7AF5-43C3-BD38-4805B3012FF7}.Debug|Any CPU.Build.0 = Debug|Any CPU
		{37989F2E-7AF5-43C3-BD38-4805B3012FF7}.Debug|x86.ActiveCfg = Debug|x86
		{37989F2E-7AF5-43C3-BD38-4805B3012FF7}.Debug|x86.Build.0 = Debug|x86
		{37989F2E-7AF5-43C3-BD38-4805B3012FF7}.Release|Any CPU.ActiveCfg = Release|Any CPU
		{37989F2E-7AF5-43C3-BD38-4805B3012FF7}.Release|Any CPU.Build.0 = Release|Any CPU
		{37989F2E-7AF5-43C3-BD38-4805B3012FF7}.Release|x86.ActiveCfg = Release|x86
		{37989F2E-7AF5-43C3-BD38-4805B3012FF7}.Release|x86.Build.0 = Release|x86
		{03B1DEA9-BF87-42E5-93A8-3EC643725420}.Debug|Any CPU.ActiveCfg = Debug|Any CPU
		{03B1DEA9-BF87-42E5-93A8-3EC643725420}.Debug|Any CPU.Build.0 = Debug|Any CPU
		{03B1DEA9-BF87-42E5-93A8-3EC643725420}.Debug|x86.ActiveCfg = Debug|x86
		{03B1DEA9-BF87-42E5-93A8-3EC643725420}.Debug|x86.Build.0 = Debug|x86
		{03B1DEA9-BF87-42E5-93A8-3EC643725420}.Release|Any CPU.ActiveCfg = Release|Any CPU
		{03B1DEA9-BF87-42E5-93A8-3EC643725420}.Release|Any CPU.Build.0 = Release|Any CPU
		{03B1DEA9-BF87-42E5-93A8-3EC643725420}.Release|x86.ActiveCfg = Release|x86
		{03B1DEA9-BF87-42E5-93A8-3EC643725420}.Release|x86.Build.0 = Release|x86
		{8B1562D8-F4A3-455C-AC34-D6CEC50804BA}.Debug|Any CPU.ActiveCfg = Debug|Any CPU
		{8B1562D8-F4A3-455C-AC34-D6CEC50804BA}.Debug|Any CPU.Build.0 = Debug|Any CPU
		{8B1562D8-F4A3-455C-AC34-D6CEC50804BA}.Debug|x86.ActiveCfg = Debug|x86
		{8B1562D8-F4A3-455C-AC34-D6CEC50804BA}.Debug|x86.Build.0 = Debug|x86
		{8B1562D8-F4A3-455C-AC34-D6CEC50804BA}.Release|Any CPU.ActiveCfg = Release|Any CPU
		{8B1562D8-F4A3-455C-AC34-D6CEC50804BA}.Release|Any CPU.Build.0 = Release|Any CPU
		{8B1562D8-F4A3-455C-AC34-D6CEC50804BA}.Release|x86.ActiveCfg = Release|x86
		{8B1562D8-F4A3-455C-AC34-D6CEC50804BA}.Release|x86.Build.0 = Release|x86
		{878E9ED9-73AC-4E43-8AB0-312EB00D8C3D}.Debug|Any CPU.ActiveCfg = Debug|Any CPU
		{878E9ED9-73AC-4E43-8AB0-312EB00D8C3D}.Debug|Any CPU.Build.0 = Debug|Any CPU
		{878E9ED9-73AC-4E43-8AB0-312EB00D8C3D}.Debug|x86.ActiveCfg = Debug|x86
		{878E9ED9-73AC-4E43-8AB0-312EB00D8C3D}.Debug|x86.Build.0 = Debug|x86
		{878E9ED9-73AC-4E43-8AB0-312EB00D8C3D}.Release|Any CPU.ActiveCfg = Release|Any CPU
		{878E9ED9-73AC-4E43-8AB0-312EB00D8C3D}.Release|Any CPU.Build.0 = Release|Any CPU
		{878E9ED9-73AC-4E43-8AB0-312EB00D8C3D}.Release|x86.ActiveCfg = Release|x86
		{878E9ED9-73AC-4E43-8AB0-312EB00D8C3D}.Release|x86.Build.0 = Release|x86
		{3CD9B843-9712-46AF-BDAE-C3874C3803D9}.Debug|Any CPU.ActiveCfg = Debug|Any CPU
		{3CD9B843-9712-46AF-BDAE-C3874C3803D9}.Debug|Any CPU.Build.0 = Debug|Any CPU
		{3CD9B843-9712-46AF-BDAE-C3874C3803D9}.Debug|x86.ActiveCfg = Debug|x86
		{3CD9B843-9712-46AF-BDAE-C3874C3803D9}.Debug|x86.Build.0 = Debug|x86
		{3CD9B843-9712-46AF-BDAE-C3874C3803D9}.Release|Any CPU.ActiveCfg = Release|Any CPU
		{3CD9B843-9712-46AF-BDAE-C3874C3803D9}.Release|Any CPU.Build.0 = Release|Any CPU
		{3CD9B843-9712-46AF-BDAE-C3874C3803D9}.Release|x86.ActiveCfg = Release|x86
		{3CD9B843-9712-46AF-BDAE-C3874C3803D9}.Release|x86.Build.0 = Release|x86
		{67FEC66F-2EF2-4F6B-B1FD-D7F1FB6836C5}.Debug|Any CPU.ActiveCfg = Debug|Any CPU
		{67FEC66F-2EF2-4F6B-B1FD-D7F1FB6836C5}.Debug|Any CPU.Build.0 = Debug|Any CPU
		{67FEC66F-2EF2-4F6B-B1FD-D7F1FB6836C5}.Debug|x86.ActiveCfg = Debug|x86
		{67FEC66F-2EF2-4F6B-B1FD-D7F1FB6836C5}.Debug|x86.Build.0 = Debug|x86
		{67FEC66F-2EF2-4F6B-B1FD-D7F1FB6836C5}.Release|Any CPU.ActiveCfg = Release|Any CPU
		{67FEC66F-2EF2-4F6B-B1FD-D7F1FB6836C5}.Release|Any CPU.Build.0 = Release|Any CPU
		{67FEC66F-2EF2-4F6B-B1FD-D7F1FB6836C5}.Release|x86.ActiveCfg = Release|x86
		{67FEC66F-2EF2-4F6B-B1FD-D7F1FB6836C5}.Release|x86.Build.0 = Release|x86
		{43591C58-9731-4F28-812A-CAFE081409F1}.Debug|Any CPU.ActiveCfg = Debug|Any CPU
		{43591C58-9731-4F28-812A-CAFE081409F1}.Debug|Any CPU.Build.0 = Debug|Any CPU
		{43591C58-9731-4F28-812A-CAFE081409F1}.Debug|x86.ActiveCfg = Debug|x86
		{43591C58-9731-4F28-812A-CAFE081409F1}.Debug|x86.Build.0 = Debug|x86
		{43591C58-9731-4F28-812A-CAFE081409F1}.Release|Any CPU.ActiveCfg = Release|Any CPU
		{43591C58-9731-4F28-812A-CAFE081409F1}.Release|Any CPU.Build.0 = Release|Any CPU
		{43591C58-9731-4F28-812A-CAFE081409F1}.Release|x86.ActiveCfg = Release|x86
		{43591C58-9731-4F28-812A-CAFE081409F1}.Release|x86.Build.0 = Release|x86
	EndGlobalSection
	GlobalSection(SolutionProperties) = preSolution
		HideSolutionNode = FALSE
	EndGlobalSection
EndGlobal
